
Microsoft Visual Studio Solution File, Format Version 12.00
# Visual Studio Version 17
VisualStudioVersion = 17.0.31903.59
MinimumVisualStudioVersion = 10.0.40219.1
Project("{2150E333-8FDC-42A3-9474-1A3956D46DE8}") = "src", "src", "{8E38DC94-EB9D-4ECD-A0CB-6E5A52D80A2D}"
EndProject
Project("{2150E333-8FDC-42A3-9474-1A3956D46DE8}") = "Services", "Services", "{7B8B7109-53C7-4F1E-8D24-21FB21D7E687}"
EndProject
Project("{2150E333-8FDC-42A3-9474-1A3956D46DE8}") = "Catalog", "Catalog", "{302CA8C7-FB7F-4A9D-B0B8-87AF97BD9ADF}"
EndProject
Project("{FAE04EC0-301F-11D3-BF4B-00C04F79EFBC}") = "Catalog.Api", "src\Services\Catalog\Catalog.Api\Catalog.Api.csproj", "{7BCCA2B7-A433-495C-832A-C598798CDF39}"
EndProject
Project("{FAE04EC0-301F-11D3-BF4B-00C04F79EFBC}") = "Catalog.Api.Tests", "src\Services\Catalog\Catalog.Api.Tests\Catalog.Api.Tests.csproj", "{0EE1F610-2C95-433C-8A38-E050E2A6C67B}"
EndProject
Project("{FAE04EC0-301F-11D3-BF4B-00C04F79EFBC}") = "Catalog.Core", "src\Services\Catalog\Catalog.Core\Catalog.Core.csproj", "{E933AFD2-BA67-4552-8D2E-A0F4D0FD1D90}"
EndProject
Project("{FAE04EC0-301F-11D3-BF4B-00C04F79EFBC}") = "Catalog.Core.Tests", "src\Services\Catalog\Catalog.Core.Tests\Catalog.Core.Tests.csproj", "{4C173D0C-201A-453C-B2B4-C153CE45B0A2}"
EndProject
Project("{FAE04EC0-301F-11D3-BF4B-00C04F79EFBC}") = "Catalog.Infrastructure", "src\Services\Catalog\Catalog.Infrastructure\Catalog.Infrastructure.csproj", "{88010817-FA8E-4D47-B46A-A835C4569116}"
EndProject
Project("{FAE04EC0-301F-11D3-BF4B-00C04F79EFBC}") = "Catalog.Infrastructure.Tests", "src\Services\Catalog\Catalog.Infrastructure.Tests\Catalog.Infrastructure.Tests.csproj", "{8AFACCA6-4C53-42B4-9086-CAA9D6B426A8}"
EndProject
Project("{2150E333-8FDC-42A3-9474-1A3956D46DE8}") = "BuildingBlocks", "BuildingBlocks", "{05BE94A3-CE88-4236-8806-843FE9DFF2FE}"
EndProject
Project("{2150E333-8FDC-42A3-9474-1A3956D46DE8}") = "EventBus", "EventBus", "{5F1007A2-7DEA-4422-89EA-A761CCC3954D}"
EndProject
Project("{FAE04EC0-301F-11D3-BF4B-00C04F79EFBC}") = "EventBus.Udp", "src\BuildingBlocks\EventBus\EventBus.Udp\EventBus.Udp.csproj", "{EE833868-B377-4953-915D-B9C30A135990}"
EndProject
Project("{2150E333-8FDC-42A3-9474-1A3956D46DE8}") = "SharedKernel", "SharedKernel", "{1DA2E28A-4353-4C95-A005-7E2CE804AA76}"
EndProject
Project("{FAE04EC0-301F-11D3-BF4B-00C04F79EFBC}") = "SharedKernel", "src\BuildingBlocks\SharedKernel\SharedKernel\SharedKernel.csproj", "{991CBCA3-AADD-48B5-A8F3-CA0A4E4B2179}"
EndProject
Project("{2150E333-8FDC-42A3-9474-1A3956D46DE8}") = "Integration", "Integration", "{B5405A73-3B54-4504-B356-86E93B7FB1FC}"
EndProject
Project("{FAE04EC0-301F-11D3-BF4B-00C04F79EFBC}") = "Integration", "src\BuildingBlocks\Integration\Integration\Integration.csproj", "{D54CCF9E-AE2B-4E63-8D74-216636EE6E22}"
EndProject
Project("{2150E333-8FDC-42A3-9474-1A3956D46DE8}") = "Basket", "Basket", "{95A9ECC8-B5FB-4093-847B-A6D56054F778}"
EndProject
Project("{FAE04EC0-301F-11D3-BF4B-00C04F79EFBC}") = "Basket.Core", "src\Services\Basket\Basket.Core\Basket.Core.csproj", "{7FB24208-D038-42D1-80AC-F72EE4F5EF1F}"
EndProject
Project("{FAE04EC0-301F-11D3-BF4B-00C04F79EFBC}") = "Basket.Core.Tests", "src\Services\Basket\Basket.Core.Tests\Basket.Core.Tests.csproj", "{96938BF2-D393-4A2F-A9E1-E4549243DD80}"
EndProject
Project("{FAE04EC0-301F-11D3-BF4B-00C04F79EFBC}") = "Basket.Infrastructure", "src\Services\Basket\Basket.Infrastructure\Basket.Infrastructure.csproj", "{4F470424-13B3-4C56-824C-CC8911C56D15}"
EndProject
Project("{FAE04EC0-301F-11D3-BF4B-00C04F79EFBC}") = "Basket.Infrastructure.Tests", "src\Services\Basket\Basket.Infrastructure.Tests\Basket.Infrastructure.Tests.csproj", "{EB03E87F-463C-4CF7-9F7E-AFFCFD88D1CF}"
EndProject
Project("{FAE04EC0-301F-11D3-BF4B-00C04F79EFBC}") = "Basket.Api", "src\Services\Basket\Basket.Api\Basket.Api.csproj", "{1E176D15-EB1C-454F-984B-D96F18208C9B}"
EndProject
Project("{FAE04EC0-301F-11D3-BF4B-00C04F79EFBC}") = "Basket.Api.Tests", "src\Services\Basket\Basket.Api.Tests\Basket.Api.Tests.csproj", "{AA8D9647-AFF1-4B34-9929-AFB29C24D7AB}"
EndProject
Project("{2150E333-8FDC-42A3-9474-1A3956D46DE8}") = "ApiGateways", "ApiGateways", "{11FD9677-40DC-4883-AF8D-18B51FFDB0B5}"
EndProject
Project("{2150E333-8FDC-42A3-9474-1A3956D46DE8}") = "Web.Bff.Shopping", "Web.Bff.Shopping", "{B33796A0-7315-4812-8C75-9B6EFC915820}"
EndProject
Project("{FAE04EC0-301F-11D3-BF4B-00C04F79EFBC}") = "Web.Bff.Shopping.HttpAggregator.Api", "src\ApiGateways\Web.Bff.Shopping\Web.Bff.Shopping.HttpAggregator.Api\Web.Bff.Shopping.HttpAggregator.Api.csproj", "{15E4F5C8-B58E-493B-BADA-4BFBA80FABD2}"
EndProject
Project("{FAE04EC0-301F-11D3-BF4B-00C04F79EFBC}") = "Integration.Tests", "src\BuildingBlocks\Integration\Integration.Tests\Integration.Tests.csproj", "{92958160-4DFF-40DC-B66E-E56C2B448937}"
EndProject
Project("{2150E333-8FDC-42A3-9474-1A3956D46DE8}") = "performance", "performance", "{0799A0D9-B8B9-4B9F-A71D-24C19A02F769}"
EndProject
Project("{FAE04EC0-301F-11D3-BF4B-00C04F79EFBC}") = "Integration.Benchmarks", "performance\Integration.Benchmarks\Integration.Benchmarks.csproj", "{DC09A731-835D-432D-B126-3219A8EB824E}"
EndProject
Global
	GlobalSection(SolutionProperties) = preSolution
		HideSolutionNode = FALSE
	EndGlobalSection
	GlobalSection(NestedProjects) = preSolution
		{7B8B7109-53C7-4F1E-8D24-21FB21D7E687} = {8E38DC94-EB9D-4ECD-A0CB-6E5A52D80A2D}
		{302CA8C7-FB7F-4A9D-B0B8-87AF97BD9ADF} = {7B8B7109-53C7-4F1E-8D24-21FB21D7E687}
		{7BCCA2B7-A433-495C-832A-C598798CDF39} = {302CA8C7-FB7F-4A9D-B0B8-87AF97BD9ADF}
		{0EE1F610-2C95-433C-8A38-E050E2A6C67B} = {302CA8C7-FB7F-4A9D-B0B8-87AF97BD9ADF}
		{E933AFD2-BA67-4552-8D2E-A0F4D0FD1D90} = {302CA8C7-FB7F-4A9D-B0B8-87AF97BD9ADF}
		{4C173D0C-201A-453C-B2B4-C153CE45B0A2} = {302CA8C7-FB7F-4A9D-B0B8-87AF97BD9ADF}
		{88010817-FA8E-4D47-B46A-A835C4569116} = {302CA8C7-FB7F-4A9D-B0B8-87AF97BD9ADF}
		{8AFACCA6-4C53-42B4-9086-CAA9D6B426A8} = {302CA8C7-FB7F-4A9D-B0B8-87AF97BD9ADF}
		{05BE94A3-CE88-4236-8806-843FE9DFF2FE} = {8E38DC94-EB9D-4ECD-A0CB-6E5A52D80A2D}
		{5F1007A2-7DEA-4422-89EA-A761CCC3954D} = {05BE94A3-CE88-4236-8806-843FE9DFF2FE}
		{EE833868-B377-4953-915D-B9C30A135990} = {5F1007A2-7DEA-4422-89EA-A761CCC3954D}
		{1DA2E28A-4353-4C95-A005-7E2CE804AA76} = {05BE94A3-CE88-4236-8806-843FE9DFF2FE}
		{991CBCA3-AADD-48B5-A8F3-CA0A4E4B2179} = {1DA2E28A-4353-4C95-A005-7E2CE804AA76}
		{B5405A73-3B54-4504-B356-86E93B7FB1FC} = {05BE94A3-CE88-4236-8806-843FE9DFF2FE}
		{D54CCF9E-AE2B-4E63-8D74-216636EE6E22} = {B5405A73-3B54-4504-B356-86E93B7FB1FC}
		{95A9ECC8-B5FB-4093-847B-A6D56054F778} = {7B8B7109-53C7-4F1E-8D24-21FB21D7E687}
		{7FB24208-D038-42D1-80AC-F72EE4F5EF1F} = {95A9ECC8-B5FB-4093-847B-A6D56054F778}
		{96938BF2-D393-4A2F-A9E1-E4549243DD80} = {95A9ECC8-B5FB-4093-847B-A6D56054F778}
		{4F470424-13B3-4C56-824C-CC8911C56D15} = {95A9ECC8-B5FB-4093-847B-A6D56054F778}
		{EB03E87F-463C-4CF7-9F7E-AFFCFD88D1CF} = {95A9ECC8-B5FB-4093-847B-A6D56054F778}
		{1E176D15-EB1C-454F-984B-D96F18208C9B} = {95A9ECC8-B5FB-4093-847B-A6D56054F778}
		{AA8D9647-AFF1-4B34-9929-AFB29C24D7AB} = {95A9ECC8-B5FB-4093-847B-A6D56054F778}
		{11FD9677-40DC-4883-AF8D-18B51FFDB0B5} = {8E38DC94-EB9D-4ECD-A0CB-6E5A52D80A2D}
		{B33796A0-7315-4812-8C75-9B6EFC915820} = {11FD9677-40DC-4883-AF8D-18B51FFDB0B5}
		{15E4F5C8-B58E-493B-BADA-4BFBA80FABD2} = {B33796A0-7315-4812-8C75-9B6EFC915820}
		{92958160-4DFF-40DC-B66E-E56C2B448937} = {B5405A73-3B54-4504-B356-86E93B7FB1FC}
		{DC09A731-835D-432D-B126-3219A8EB824E} = {0799A0D9-B8B9-4B9F-A71D-24C19A02F769}
	EndGlobalSection
	GlobalSection(SolutionConfigurationPlatforms) = preSolution
		Debug|Any CPU = Debug|Any CPU
		Debug|x64 = Debug|x64
		Debug|x86 = Debug|x86
		Release|Any CPU = Release|Any CPU
		Release|x64 = Release|x64
		Release|x86 = Release|x86
	EndGlobalSection
	GlobalSection(ProjectConfigurationPlatforms) = postSolution
		{7BCCA2B7-A433-495C-832A-C598798CDF39}.Debug|Any CPU.ActiveCfg = Debug|Any CPU
		{7BCCA2B7-A433-495C-832A-C598798CDF39}.Debug|Any CPU.Build.0 = Debug|Any CPU
		{7BCCA2B7-A433-495C-832A-C598798CDF39}.Debug|x64.ActiveCfg = Debug|Any CPU
		{7BCCA2B7-A433-495C-832A-C598798CDF39}.Debug|x64.Build.0 = Debug|Any CPU
		{7BCCA2B7-A433-495C-832A-C598798CDF39}.Debug|x86.ActiveCfg = Debug|Any CPU
		{7BCCA2B7-A433-495C-832A-C598798CDF39}.Debug|x86.Build.0 = Debug|Any CPU
		{7BCCA2B7-A433-495C-832A-C598798CDF39}.Release|Any CPU.ActiveCfg = Release|Any CPU
		{7BCCA2B7-A433-495C-832A-C598798CDF39}.Release|Any CPU.Build.0 = Release|Any CPU
		{7BCCA2B7-A433-495C-832A-C598798CDF39}.Release|x64.ActiveCfg = Release|Any CPU
		{7BCCA2B7-A433-495C-832A-C598798CDF39}.Release|x64.Build.0 = Release|Any CPU
		{7BCCA2B7-A433-495C-832A-C598798CDF39}.Release|x86.ActiveCfg = Release|Any CPU
		{7BCCA2B7-A433-495C-832A-C598798CDF39}.Release|x86.Build.0 = Release|Any CPU
		{0EE1F610-2C95-433C-8A38-E050E2A6C67B}.Debug|Any CPU.ActiveCfg = Debug|Any CPU
		{0EE1F610-2C95-433C-8A38-E050E2A6C67B}.Debug|Any CPU.Build.0 = Debug|Any CPU
		{0EE1F610-2C95-433C-8A38-E050E2A6C67B}.Debug|x64.ActiveCfg = Debug|Any CPU
		{0EE1F610-2C95-433C-8A38-E050E2A6C67B}.Debug|x64.Build.0 = Debug|Any CPU
		{0EE1F610-2C95-433C-8A38-E050E2A6C67B}.Debug|x86.ActiveCfg = Debug|Any CPU
		{0EE1F610-2C95-433C-8A38-E050E2A6C67B}.Debug|x86.Build.0 = Debug|Any CPU
		{0EE1F610-2C95-433C-8A38-E050E2A6C67B}.Release|Any CPU.ActiveCfg = Release|Any CPU
		{0EE1F610-2C95-433C-8A38-E050E2A6C67B}.Release|Any CPU.Build.0 = Release|Any CPU
		{0EE1F610-2C95-433C-8A38-E050E2A6C67B}.Release|x64.ActiveCfg = Release|Any CPU
		{0EE1F610-2C95-433C-8A38-E050E2A6C67B}.Release|x64.Build.0 = Release|Any CPU
		{0EE1F610-2C95-433C-8A38-E050E2A6C67B}.Release|x86.ActiveCfg = Release|Any CPU
		{0EE1F610-2C95-433C-8A38-E050E2A6C67B}.Release|x86.Build.0 = Release|Any CPU
		{E933AFD2-BA67-4552-8D2E-A0F4D0FD1D90}.Debug|Any CPU.ActiveCfg = Debug|Any CPU
		{E933AFD2-BA67-4552-8D2E-A0F4D0FD1D90}.Debug|Any CPU.Build.0 = Debug|Any CPU
		{E933AFD2-BA67-4552-8D2E-A0F4D0FD1D90}.Debug|x64.ActiveCfg = Debug|Any CPU
		{E933AFD2-BA67-4552-8D2E-A0F4D0FD1D90}.Debug|x64.Build.0 = Debug|Any CPU
		{E933AFD2-BA67-4552-8D2E-A0F4D0FD1D90}.Debug|x86.ActiveCfg = Debug|Any CPU
		{E933AFD2-BA67-4552-8D2E-A0F4D0FD1D90}.Debug|x86.Build.0 = Debug|Any CPU
		{E933AFD2-BA67-4552-8D2E-A0F4D0FD1D90}.Release|Any CPU.ActiveCfg = Release|Any CPU
		{E933AFD2-BA67-4552-8D2E-A0F4D0FD1D90}.Release|Any CPU.Build.0 = Release|Any CPU
		{E933AFD2-BA67-4552-8D2E-A0F4D0FD1D90}.Release|x64.ActiveCfg = Release|Any CPU
		{E933AFD2-BA67-4552-8D2E-A0F4D0FD1D90}.Release|x64.Build.0 = Release|Any CPU
		{E933AFD2-BA67-4552-8D2E-A0F4D0FD1D90}.Release|x86.ActiveCfg = Release|Any CPU
		{E933AFD2-BA67-4552-8D2E-A0F4D0FD1D90}.Release|x86.Build.0 = Release|Any CPU
		{4C173D0C-201A-453C-B2B4-C153CE45B0A2}.Debug|Any CPU.ActiveCfg = Debug|Any CPU
		{4C173D0C-201A-453C-B2B4-C153CE45B0A2}.Debug|Any CPU.Build.0 = Debug|Any CPU
		{4C173D0C-201A-453C-B2B4-C153CE45B0A2}.Debug|x64.ActiveCfg = Debug|Any CPU
		{4C173D0C-201A-453C-B2B4-C153CE45B0A2}.Debug|x64.Build.0 = Debug|Any CPU
		{4C173D0C-201A-453C-B2B4-C153CE45B0A2}.Debug|x86.ActiveCfg = Debug|Any CPU
		{4C173D0C-201A-453C-B2B4-C153CE45B0A2}.Debug|x86.Build.0 = Debug|Any CPU
		{4C173D0C-201A-453C-B2B4-C153CE45B0A2}.Release|Any CPU.ActiveCfg = Release|Any CPU
		{4C173D0C-201A-453C-B2B4-C153CE45B0A2}.Release|Any CPU.Build.0 = Release|Any CPU
		{4C173D0C-201A-453C-B2B4-C153CE45B0A2}.Release|x64.ActiveCfg = Release|Any CPU
		{4C173D0C-201A-453C-B2B4-C153CE45B0A2}.Release|x64.Build.0 = Release|Any CPU
		{4C173D0C-201A-453C-B2B4-C153CE45B0A2}.Release|x86.ActiveCfg = Release|Any CPU
		{4C173D0C-201A-453C-B2B4-C153CE45B0A2}.Release|x86.Build.0 = Release|Any CPU
		{88010817-FA8E-4D47-B46A-A835C4569116}.Debug|Any CPU.ActiveCfg = Debug|Any CPU
		{88010817-FA8E-4D47-B46A-A835C4569116}.Debug|Any CPU.Build.0 = Debug|Any CPU
		{88010817-FA8E-4D47-B46A-A835C4569116}.Debug|x64.ActiveCfg = Debug|Any CPU
		{88010817-FA8E-4D47-B46A-A835C4569116}.Debug|x64.Build.0 = Debug|Any CPU
		{88010817-FA8E-4D47-B46A-A835C4569116}.Debug|x86.ActiveCfg = Debug|Any CPU
		{88010817-FA8E-4D47-B46A-A835C4569116}.Debug|x86.Build.0 = Debug|Any CPU
		{88010817-FA8E-4D47-B46A-A835C4569116}.Release|Any CPU.ActiveCfg = Release|Any CPU
		{88010817-FA8E-4D47-B46A-A835C4569116}.Release|Any CPU.Build.0 = Release|Any CPU
		{88010817-FA8E-4D47-B46A-A835C4569116}.Release|x64.ActiveCfg = Release|Any CPU
		{88010817-FA8E-4D47-B46A-A835C4569116}.Release|x64.Build.0 = Release|Any CPU
		{88010817-FA8E-4D47-B46A-A835C4569116}.Release|x86.ActiveCfg = Release|Any CPU
		{88010817-FA8E-4D47-B46A-A835C4569116}.Release|x86.Build.0 = Release|Any CPU
		{8AFACCA6-4C53-42B4-9086-CAA9D6B426A8}.Debug|Any CPU.ActiveCfg = Debug|Any CPU
		{8AFACCA6-4C53-42B4-9086-CAA9D6B426A8}.Debug|Any CPU.Build.0 = Debug|Any CPU
		{8AFACCA6-4C53-42B4-9086-CAA9D6B426A8}.Debug|x64.ActiveCfg = Debug|Any CPU
		{8AFACCA6-4C53-42B4-9086-CAA9D6B426A8}.Debug|x64.Build.0 = Debug|Any CPU
		{8AFACCA6-4C53-42B4-9086-CAA9D6B426A8}.Debug|x86.ActiveCfg = Debug|Any CPU
		{8AFACCA6-4C53-42B4-9086-CAA9D6B426A8}.Debug|x86.Build.0 = Debug|Any CPU
		{8AFACCA6-4C53-42B4-9086-CAA9D6B426A8}.Release|Any CPU.ActiveCfg = Release|Any CPU
		{8AFACCA6-4C53-42B4-9086-CAA9D6B426A8}.Release|Any CPU.Build.0 = Release|Any CPU
		{8AFACCA6-4C53-42B4-9086-CAA9D6B426A8}.Release|x64.ActiveCfg = Release|Any CPU
		{8AFACCA6-4C53-42B4-9086-CAA9D6B426A8}.Release|x64.Build.0 = Release|Any CPU
		{8AFACCA6-4C53-42B4-9086-CAA9D6B426A8}.Release|x86.ActiveCfg = Release|Any CPU
		{8AFACCA6-4C53-42B4-9086-CAA9D6B426A8}.Release|x86.Build.0 = Release|Any CPU
		{EE833868-B377-4953-915D-B9C30A135990}.Debug|Any CPU.ActiveCfg = Debug|Any CPU
		{EE833868-B377-4953-915D-B9C30A135990}.Debug|Any CPU.Build.0 = Debug|Any CPU
		{EE833868-B377-4953-915D-B9C30A135990}.Debug|x64.ActiveCfg = Debug|Any CPU
		{EE833868-B377-4953-915D-B9C30A135990}.Debug|x64.Build.0 = Debug|Any CPU
		{EE833868-B377-4953-915D-B9C30A135990}.Debug|x86.ActiveCfg = Debug|Any CPU
		{EE833868-B377-4953-915D-B9C30A135990}.Debug|x86.Build.0 = Debug|Any CPU
		{EE833868-B377-4953-915D-B9C30A135990}.Release|Any CPU.ActiveCfg = Release|Any CPU
		{EE833868-B377-4953-915D-B9C30A135990}.Release|Any CPU.Build.0 = Release|Any CPU
		{EE833868-B377-4953-915D-B9C30A135990}.Release|x64.ActiveCfg = Release|Any CPU
		{EE833868-B377-4953-915D-B9C30A135990}.Release|x64.Build.0 = Release|Any CPU
		{EE833868-B377-4953-915D-B9C30A135990}.Release|x86.ActiveCfg = Release|Any CPU
		{EE833868-B377-4953-915D-B9C30A135990}.Release|x86.Build.0 = Release|Any CPU
		{991CBCA3-AADD-48B5-A8F3-CA0A4E4B2179}.Debug|Any CPU.ActiveCfg = Debug|Any CPU
		{991CBCA3-AADD-48B5-A8F3-CA0A4E4B2179}.Debug|Any CPU.Build.0 = Debug|Any CPU
		{991CBCA3-AADD-48B5-A8F3-CA0A4E4B2179}.Debug|x64.ActiveCfg = Debug|Any CPU
		{991CBCA3-AADD-48B5-A8F3-CA0A4E4B2179}.Debug|x64.Build.0 = Debug|Any CPU
		{991CBCA3-AADD-48B5-A8F3-CA0A4E4B2179}.Debug|x86.ActiveCfg = Debug|Any CPU
		{991CBCA3-AADD-48B5-A8F3-CA0A4E4B2179}.Debug|x86.Build.0 = Debug|Any CPU
		{991CBCA3-AADD-48B5-A8F3-CA0A4E4B2179}.Release|Any CPU.ActiveCfg = Release|Any CPU
		{991CBCA3-AADD-48B5-A8F3-CA0A4E4B2179}.Release|Any CPU.Build.0 = Release|Any CPU
		{991CBCA3-AADD-48B5-A8F3-CA0A4E4B2179}.Release|x64.ActiveCfg = Release|Any CPU
		{991CBCA3-AADD-48B5-A8F3-CA0A4E4B2179}.Release|x64.Build.0 = Release|Any CPU
		{991CBCA3-AADD-48B5-A8F3-CA0A4E4B2179}.Release|x86.ActiveCfg = Release|Any CPU
		{991CBCA3-AADD-48B5-A8F3-CA0A4E4B2179}.Release|x86.Build.0 = Release|Any CPU
		{D54CCF9E-AE2B-4E63-8D74-216636EE6E22}.Debug|Any CPU.ActiveCfg = Debug|Any CPU
		{D54CCF9E-AE2B-4E63-8D74-216636EE6E22}.Debug|Any CPU.Build.0 = Debug|Any CPU
		{D54CCF9E-AE2B-4E63-8D74-216636EE6E22}.Debug|x64.ActiveCfg = Debug|Any CPU
		{D54CCF9E-AE2B-4E63-8D74-216636EE6E22}.Debug|x64.Build.0 = Debug|Any CPU
		{D54CCF9E-AE2B-4E63-8D74-216636EE6E22}.Debug|x86.ActiveCfg = Debug|Any CPU
		{D54CCF9E-AE2B-4E63-8D74-216636EE6E22}.Debug|x86.Build.0 = Debug|Any CPU
		{D54CCF9E-AE2B-4E63-8D74-216636EE6E22}.Release|Any CPU.ActiveCfg = Release|Any CPU
		{D54CCF9E-AE2B-4E63-8D74-216636EE6E22}.Release|Any CPU.Build.0 = Release|Any CPU
		{D54CCF9E-AE2B-4E63-8D74-216636EE6E22}.Release|x64.ActiveCfg = Release|Any CPU
		{D54CCF9E-AE2B-4E63-8D74-216636EE6E22}.Release|x64.Build.0 = Release|Any CPU
		{D54CCF9E-AE2B-4E63-8D74-216636EE6E22}.Release|x86.ActiveCfg = Release|Any CPU
		{D54CCF9E-AE2B-4E63-8D74-216636EE6E22}.Release|x86.Build.0 = Release|Any CPU
		{7FB24208-D038-42D1-80AC-F72EE4F5EF1F}.Debug|Any CPU.ActiveCfg = Debug|Any CPU
		{7FB24208-D038-42D1-80AC-F72EE4F5EF1F}.Debug|Any CPU.Build.0 = Debug|Any CPU
		{7FB24208-D038-42D1-80AC-F72EE4F5EF1F}.Debug|x64.ActiveCfg = Debug|Any CPU
		{7FB24208-D038-42D1-80AC-F72EE4F5EF1F}.Debug|x64.Build.0 = Debug|Any CPU
		{7FB24208-D038-42D1-80AC-F72EE4F5EF1F}.Debug|x86.ActiveCfg = Debug|Any CPU
		{7FB24208-D038-42D1-80AC-F72EE4F5EF1F}.Debug|x86.Build.0 = Debug|Any CPU
		{7FB24208-D038-42D1-80AC-F72EE4F5EF1F}.Release|Any CPU.ActiveCfg = Release|Any CPU
		{7FB24208-D038-42D1-80AC-F72EE4F5EF1F}.Release|Any CPU.Build.0 = Release|Any CPU
		{7FB24208-D038-42D1-80AC-F72EE4F5EF1F}.Release|x64.ActiveCfg = Release|Any CPU
		{7FB24208-D038-42D1-80AC-F72EE4F5EF1F}.Release|x64.Build.0 = Release|Any CPU
		{7FB24208-D038-42D1-80AC-F72EE4F5EF1F}.Release|x86.ActiveCfg = Release|Any CPU
		{7FB24208-D038-42D1-80AC-F72EE4F5EF1F}.Release|x86.Build.0 = Release|Any CPU
		{96938BF2-D393-4A2F-A9E1-E4549243DD80}.Debug|Any CPU.ActiveCfg = Debug|Any CPU
		{96938BF2-D393-4A2F-A9E1-E4549243DD80}.Debug|Any CPU.Build.0 = Debug|Any CPU
		{96938BF2-D393-4A2F-A9E1-E4549243DD80}.Debug|x64.ActiveCfg = Debug|Any CPU
		{96938BF2-D393-4A2F-A9E1-E4549243DD80}.Debug|x64.Build.0 = Debug|Any CPU
		{96938BF2-D393-4A2F-A9E1-E4549243DD80}.Debug|x86.ActiveCfg = Debug|Any CPU
		{96938BF2-D393-4A2F-A9E1-E4549243DD80}.Debug|x86.Build.0 = Debug|Any CPU
		{96938BF2-D393-4A2F-A9E1-E4549243DD80}.Release|Any CPU.ActiveCfg = Release|Any CPU
		{96938BF2-D393-4A2F-A9E1-E4549243DD80}.Release|Any CPU.Build.0 = Release|Any CPU
		{96938BF2-D393-4A2F-A9E1-E4549243DD80}.Release|x64.ActiveCfg = Release|Any CPU
		{96938BF2-D393-4A2F-A9E1-E4549243DD80}.Release|x64.Build.0 = Release|Any CPU
		{96938BF2-D393-4A2F-A9E1-E4549243DD80}.Release|x86.ActiveCfg = Release|Any CPU
		{96938BF2-D393-4A2F-A9E1-E4549243DD80}.Release|x86.Build.0 = Release|Any CPU
		{4F470424-13B3-4C56-824C-CC8911C56D15}.Debug|Any CPU.ActiveCfg = Debug|Any CPU
		{4F470424-13B3-4C56-824C-CC8911C56D15}.Debug|Any CPU.Build.0 = Debug|Any CPU
		{4F470424-13B3-4C56-824C-CC8911C56D15}.Debug|x64.ActiveCfg = Debug|Any CPU
		{4F470424-13B3-4C56-824C-CC8911C56D15}.Debug|x64.Build.0 = Debug|Any CPU
		{4F470424-13B3-4C56-824C-CC8911C56D15}.Debug|x86.ActiveCfg = Debug|Any CPU
		{4F470424-13B3-4C56-824C-CC8911C56D15}.Debug|x86.Build.0 = Debug|Any CPU
		{4F470424-13B3-4C56-824C-CC8911C56D15}.Release|Any CPU.ActiveCfg = Release|Any CPU
		{4F470424-13B3-4C56-824C-CC8911C56D15}.Release|Any CPU.Build.0 = Release|Any CPU
		{4F470424-13B3-4C56-824C-CC8911C56D15}.Release|x64.ActiveCfg = Release|Any CPU
		{4F470424-13B3-4C56-824C-CC8911C56D15}.Release|x64.Build.0 = Release|Any CPU
		{4F470424-13B3-4C56-824C-CC8911C56D15}.Release|x86.ActiveCfg = Release|Any CPU
		{4F470424-13B3-4C56-824C-CC8911C56D15}.Release|x86.Build.0 = Release|Any CPU
		{EB03E87F-463C-4CF7-9F7E-AFFCFD88D1CF}.Debug|Any CPU.ActiveCfg = Debug|Any CPU
		{EB03E87F-463C-4CF7-9F7E-AFFCFD88D1CF}.Debug|Any CPU.Build.0 = Debug|Any CPU
		{EB03E87F-463C-4CF7-9F7E-AFFCFD88D1CF}.Debug|x64.ActiveCfg = Debug|Any CPU
		{EB03E87F-463C-4CF7-9F7E-AFFCFD88D1CF}.Debug|x64.Build.0 = Debug|Any CPU
		{EB03E87F-463C-4CF7-9F7E-AFFCFD88D1CF}.Debug|x86.ActiveCfg = Debug|Any CPU
		{EB03E87F-463C-4CF7-9F7E-AFFCFD88D1CF}.Debug|x86.Build.0 = Debug|Any CPU
		{EB03E87F-463C-4CF7-9F7E-AFFCFD88D1CF}.Release|Any CPU.ActiveCfg = Release|Any CPU
		{EB03E87F-463C-4CF7-9F7E-AFFCFD88D1CF}.Release|Any CPU.Build.0 = Release|Any CPU
		{EB03E87F-463C-4CF7-9F7E-AFFCFD88D1CF}.Release|x64.ActiveCfg = Release|Any CPU
		{EB03E87F-463C-4CF7-9F7E-AFFCFD88D1CF}.Release|x64.Build.0 = Release|Any CPU
		{EB03E87F-463C-4CF7-9F7E-AFFCFD88D1CF}.Release|x86.ActiveCfg = Release|Any CPU
		{EB03E87F-463C-4CF7-9F7E-AFFCFD88D1CF}.Release|x86.Build.0 = Release|Any CPU
		{1E176D15-EB1C-454F-984B-D96F18208C9B}.Debug|Any CPU.ActiveCfg = Debug|Any CPU
		{1E176D15-EB1C-454F-984B-D96F18208C9B}.Debug|Any CPU.Build.0 = Debug|Any CPU
		{1E176D15-EB1C-454F-984B-D96F18208C9B}.Debug|x64.ActiveCfg = Debug|Any CPU
		{1E176D15-EB1C-454F-984B-D96F18208C9B}.Debug|x64.Build.0 = Debug|Any CPU
		{1E176D15-EB1C-454F-984B-D96F18208C9B}.Debug|x86.ActiveCfg = Debug|Any CPU
		{1E176D15-EB1C-454F-984B-D96F18208C9B}.Debug|x86.Build.0 = Debug|Any CPU
		{1E176D15-EB1C-454F-984B-D96F18208C9B}.Release|Any CPU.ActiveCfg = Release|Any CPU
		{1E176D15-EB1C-454F-984B-D96F18208C9B}.Release|Any CPU.Build.0 = Release|Any CPU
		{1E176D15-EB1C-454F-984B-D96F18208C9B}.Release|x64.ActiveCfg = Release|Any CPU
		{1E176D15-EB1C-454F-984B-D96F18208C9B}.Release|x64.Build.0 = Release|Any CPU
		{1E176D15-EB1C-454F-984B-D96F18208C9B}.Release|x86.ActiveCfg = Release|Any CPU
		{1E176D15-EB1C-454F-984B-D96F18208C9B}.Release|x86.Build.0 = Release|Any CPU
		{AA8D9647-AFF1-4B34-9929-AFB29C24D7AB}.Debug|Any CPU.ActiveCfg = Debug|Any CPU
		{AA8D9647-AFF1-4B34-9929-AFB29C24D7AB}.Debug|Any CPU.Build.0 = Debug|Any CPU
		{AA8D9647-AFF1-4B34-9929-AFB29C24D7AB}.Debug|x64.ActiveCfg = Debug|Any CPU
		{AA8D9647-AFF1-4B34-9929-AFB29C24D7AB}.Debug|x64.Build.0 = Debug|Any CPU
		{AA8D9647-AFF1-4B34-9929-AFB29C24D7AB}.Debug|x86.ActiveCfg = Debug|Any CPU
		{AA8D9647-AFF1-4B34-9929-AFB29C24D7AB}.Debug|x86.Build.0 = Debug|Any CPU
		{AA8D9647-AFF1-4B34-9929-AFB29C24D7AB}.Release|Any CPU.ActiveCfg = Release|Any CPU
		{AA8D9647-AFF1-4B34-9929-AFB29C24D7AB}.Release|Any CPU.Build.0 = Release|Any CPU
		{AA8D9647-AFF1-4B34-9929-AFB29C24D7AB}.Release|x64.ActiveCfg = Release|Any CPU
		{AA8D9647-AFF1-4B34-9929-AFB29C24D7AB}.Release|x64.Build.0 = Release|Any CPU
		{AA8D9647-AFF1-4B34-9929-AFB29C24D7AB}.Release|x86.ActiveCfg = Release|Any CPU
		{AA8D9647-AFF1-4B34-9929-AFB29C24D7AB}.Release|x86.Build.0 = Release|Any CPU
		{15E4F5C8-B58E-493B-BADA-4BFBA80FABD2}.Debug|Any CPU.ActiveCfg = Debug|Any CPU
		{15E4F5C8-B58E-493B-BADA-4BFBA80FABD2}.Debug|Any CPU.Build.0 = Debug|Any CPU
		{15E4F5C8-B58E-493B-BADA-4BFBA80FABD2}.Debug|x64.ActiveCfg = Debug|Any CPU
		{15E4F5C8-B58E-493B-BADA-4BFBA80FABD2}.Debug|x64.Build.0 = Debug|Any CPU
		{15E4F5C8-B58E-493B-BADA-4BFBA80FABD2}.Debug|x86.ActiveCfg = Debug|Any CPU
		{15E4F5C8-B58E-493B-BADA-4BFBA80FABD2}.Debug|x86.Build.0 = Debug|Any CPU
		{15E4F5C8-B58E-493B-BADA-4BFBA80FABD2}.Release|Any CPU.ActiveCfg = Release|Any CPU
		{15E4F5C8-B58E-493B-BADA-4BFBA80FABD2}.Release|Any CPU.Build.0 = Release|Any CPU
		{15E4F5C8-B58E-493B-BADA-4BFBA80FABD2}.Release|x64.ActiveCfg = Release|Any CPU
		{15E4F5C8-B58E-493B-BADA-4BFBA80FABD2}.Release|x64.Build.0 = Release|Any CPU
		{15E4F5C8-B58E-493B-BADA-4BFBA80FABD2}.Release|x86.ActiveCfg = Release|Any CPU
		{15E4F5C8-B58E-493B-BADA-4BFBA80FABD2}.Release|x86.Build.0 = Release|Any CPU
		{92958160-4DFF-40DC-B66E-E56C2B448937}.Debug|Any CPU.ActiveCfg = Debug|Any CPU
		{92958160-4DFF-40DC-B66E-E56C2B448937}.Debug|Any CPU.Build.0 = Debug|Any CPU
		{92958160-4DFF-40DC-B66E-E56C2B448937}.Debug|x64.ActiveCfg = Debug|Any CPU
		{92958160-4DFF-40DC-B66E-E56C2B448937}.Debug|x64.Build.0 = Debug|Any CPU
		{92958160-4DFF-40DC-B66E-E56C2B448937}.Debug|x86.ActiveCfg = Debug|Any CPU
		{92958160-4DFF-40DC-B66E-E56C2B448937}.Debug|x86.Build.0 = Debug|Any CPU
		{92958160-4DFF-40DC-B66E-E56C2B448937}.Release|Any CPU.ActiveCfg = Release|Any CPU
		{92958160-4DFF-40DC-B66E-E56C2B448937}.Release|Any CPU.Build.0 = Release|Any CPU
		{92958160-4DFF-40DC-B66E-E56C2B448937}.Release|x64.ActiveCfg = Release|Any CPU
		{92958160-4DFF-40DC-B66E-E56C2B448937}.Release|x64.Build.0 = Release|Any CPU
		{92958160-4DFF-40DC-B66E-E56C2B448937}.Release|x86.ActiveCfg = Release|Any CPU
		{92958160-4DFF-40DC-B66E-E56C2B448937}.Release|x86.Build.0 = Release|Any CPU
		{DC09A731-835D-432D-B126-3219A8EB824E}.Debug|Any CPU.ActiveCfg = Debug|Any CPU
		{DC09A731-835D-432D-B126-3219A8EB824E}.Debug|Any CPU.Build.0 = Debug|Any CPU
		{DC09A731-835D-432D-B126-3219A8EB824E}.Debug|x64.ActiveCfg = Debug|Any CPU
		{DC09A731-835D-432D-B126-3219A8EB824E}.Debug|x64.Build.0 = Debug|Any CPU
		{DC09A731-835D-432D-B126-3219A8EB824E}.Debug|x86.ActiveCfg = Debug|Any CPU
		{DC09A731-835D-432D-B126-3219A8EB824E}.Debug|x86.Build.0 = Debug|Any CPU
		{DC09A731-835D-432D-B126-3219A8EB824E}.Release|Any CPU.ActiveCfg = Release|Any CPU
		{DC09A731-835D-432D-B126-3219A8EB824E}.Release|Any CPU.Build.0 = Release|Any CPU
		{DC09A731-835D-432D-B126-3219A8EB824E}.Release|x64.ActiveCfg = Release|Any CPU
		{DC09A731-835D-432D-B126-3219A8EB824E}.Release|x64.Build.0 = Release|Any CPU
		{DC09A731-835D-432D-B126-3219A8EB824E}.Release|x86.ActiveCfg = Release|Any CPU
		{DC09A731-835D-432D-B126-3219A8EB824E}.Release|x86.Build.0 = Release|Any CPU
	EndGlobalSection
EndGlobal
