
Microsoft Visual Studio Solution File, Format Version 12.00
# Visual Studio Version 17
VisualStudioVersion = 17.0.31903.59
MinimumVisualStudioVersion = 10.0.40219.1
Project("{2150E333-8FDC-42A3-9474-1A3956D46DE8}") = "src", "src", "{8E38DC94-EB9D-4ECD-A0CB-6E5A52D80A2D}"
EndProject
Project("{2150E333-8FDC-42A3-9474-1A3956D46DE8}") = "Services", "Services", "{7B8B7109-53C7-4F1E-8D24-21FB21D7E687}"
EndProject
Project("{2150E333-8FDC-42A3-9474-1A3956D46DE8}") = "Catalog", "Catalog", "{302CA8C7-FB7F-4A9D-B0B8-87AF97BD9ADF}"
EndProject
Project("{9A19103F-16F7-4668-BE54-9A1E7A4F7556}") = "Catalog.Api", "src\Services\Catalog\Catalog.Api\Catalog.Api.csproj", "{7BCCA2B7-A433-495C-832A-C598798CDF39}"
EndProject
Project("{9A19103F-16F7-4668-BE54-9A1E7A4F7556}") = "Catalog.Api.Tests", "src\Services\Catalog\Catalog.Api.Tests\Catalog.Api.Tests.csproj", "{0EE1F610-2C95-433C-8A38-E050E2A6C67B}"
EndProject
Project("{9A19103F-16F7-4668-BE54-9A1E7A4F7556}") = "Catalog.Core", "src\Services\Catalog\Catalog.Core\Catalog.Core.csproj", "{E933AFD2-BA67-4552-8D2E-A0F4D0FD1D90}"
EndProject
Project("{9A19103F-16F7-4668-BE54-9A1E7A4F7556}") = "Catalog.Core.Tests", "src\Services\Catalog\Catalog.Core.Tests\Catalog.Core.Tests.csproj", "{4C173D0C-201A-453C-B2B4-C153CE45B0A2}"
EndProject
Project("{9A19103F-16F7-4668-BE54-9A1E7A4F7556}") = "Catalog.Infrastructure", "src\Services\Catalog\Catalog.Infrastructure\Catalog.Infrastructure.csproj", "{88010817-FA8E-4D47-B46A-A835C4569116}"
EndProject
Project("{9A19103F-16F7-4668-BE54-9A1E7A4F7556}") = "Catalog.Infrastructure.Tests", "src\Services\Catalog\Catalog.Infrastructure.Tests\Catalog.Infrastructure.Tests.csproj", "{8AFACCA6-4C53-42B4-9086-CAA9D6B426A8}"
EndProject
Project("{2150E333-8FDC-42A3-9474-1A3956D46DE8}") = "BuildingBlocks", "BuildingBlocks", "{05BE94A3-CE88-4236-8806-843FE9DFF2FE}"
EndProject
Project("{2150E333-8FDC-42A3-9474-1A3956D46DE8}") = "EventBus", "EventBus", "{5F1007A2-7DEA-4422-89EA-A761CCC3954D}"
EndProject
Project("{9A19103F-16F7-4668-BE54-9A1E7A4F7556}") = "EventBus.Udp", "src\BuildingBlocks\EventBus\EventBus.Udp\EventBus.Udp.csproj", "{EE833868-B377-4953-915D-B9C30A135990}"
EndProject
Project("{2150E333-8FDC-42A3-9474-1A3956D46DE8}") = "Basket", "Basket", "{95A9ECC8-B5FB-4093-847B-A6D56054F778}"
EndProject
Project("{9A19103F-16F7-4668-BE54-9A1E7A4F7556}") = "Basket.Core", "src\Services\Basket\Basket.Core\Basket.Core.csproj", "{7FB24208-D038-42D1-80AC-F72EE4F5EF1F}"
EndProject
Project("{9A19103F-16F7-4668-BE54-9A1E7A4F7556}") = "Basket.Core.Tests", "src\Services\Basket\Basket.Core.Tests\Basket.Core.Tests.csproj", "{96938BF2-D393-4A2F-A9E1-E4549243DD80}"
EndProject
Project("{9A19103F-16F7-4668-BE54-9A1E7A4F7556}") = "Basket.Infrastructure", "src\Services\Basket\Basket.Infrastructure\Basket.Infrastructure.csproj", "{4F470424-13B3-4C56-824C-CC8911C56D15}"
EndProject
Project("{9A19103F-16F7-4668-BE54-9A1E7A4F7556}") = "Basket.Infrastructure.Tests", "src\Services\Basket\Basket.Infrastructure.Tests\Basket.Infrastructure.Tests.csproj", "{EB03E87F-463C-4CF7-9F7E-AFFCFD88D1CF}"
EndProject
Project("{9A19103F-16F7-4668-BE54-9A1E7A4F7556}") = "Basket.Api", "src\Services\Basket\Basket.Api\Basket.Api.csproj", "{1E176D15-EB1C-454F-984B-D96F18208C9B}"
EndProject
Project("{9A19103F-16F7-4668-BE54-9A1E7A4F7556}") = "Basket.Api.Tests", "src\Services\Basket\Basket.Api.Tests\Basket.Api.Tests.csproj", "{AA8D9647-AFF1-4B34-9929-AFB29C24D7AB}"
EndProject
Project("{2150E333-8FDC-42A3-9474-1A3956D46DE8}") = "ApiGateways", "ApiGateways", "{11FD9677-40DC-4883-AF8D-18B51FFDB0B5}"
EndProject
Project("{2150E333-8FDC-42A3-9474-1A3956D46DE8}") = "Web.Bff.Shopping", "Web.Bff.Shopping", "{B33796A0-7315-4812-8C75-9B6EFC915820}"
EndProject
Project("{9A19103F-16F7-4668-BE54-9A1E7A4F7556}") = "Web.Bff.Shopping.HttpAggregator.Api", "src\ApiGateways\Web.Bff.Shopping\Web.Bff.Shopping.HttpAggregator.Api\Web.Bff.Shopping.HttpAggregator.Api.csproj", "{15E4F5C8-B58E-493B-BADA-4BFBA80FABD2}"
EndProject
Project("{2150E333-8FDC-42A3-9474-1A3956D46DE8}") = "performance", "performance", "{0799A0D9-B8B9-4B9F-A71D-24C19A02F769}"
EndProject
Project("{2150E333-8FDC-42A3-9474-1A3956D46DE8}") = "IO.Compression", "IO.Compression", "{91094370-1F91-4BD7-AEAC-B2B7AC9C4F72}"
EndProject
Project("{9A19103F-16F7-4668-BE54-9A1E7A4F7556}") = "IO.Compression", "src\BuildingBlocks\IO.Compression\IO.Compression\IO.Compression.csproj", "{662DF962-DCA6-403F-8736-FC266B0E150C}"
EndProject
Project("{9A19103F-16F7-4668-BE54-9A1E7A4F7556}") = "Services.Common", "src\Services\Services.Common\Services.Common.csproj", "{E05E68D5-06C6-4029-A9BE-F414F0E8AD23}"
EndProject
Project("{2150E333-8FDC-42A3-9474-1A3956D46DE8}") = "Ordering", "Ordering", "{DE4E3A4D-3B0F-4C4F-B695-C40539BABDA9}"
EndProject
Project("{9A19103F-16F7-4668-BE54-9A1E7A4F7556}") = "Ordering.Core", "src\Services\Ordering\Ordering.Core\Ordering.Core.csproj", "{B2F4B77A-3039-4E76-82C3-C34A9F5B12BD}"
EndProject
Project("{9A19103F-16F7-4668-BE54-9A1E7A4F7556}") = "Ordering.Core.Tests", "src\Services\Ordering\Ordering.Core.Tests\Ordering.Core.Tests.csproj", "{8FD1AEF5-810E-4AE2-89BC-1CD6C9A90BB9}"
EndProject
Project("{9A19103F-16F7-4668-BE54-9A1E7A4F7556}") = "Ordering.Infrastructure", "src\Services\Ordering\Ordering.Infrastructure\Ordering.Infrastructure.csproj", "{36FB44FB-003D-4E52-8FF1-F536A7C55C92}"
EndProject
Project("{9A19103F-16F7-4668-BE54-9A1E7A4F7556}") = "Ordering.Infrastructure.Tests", "src\Services\Ordering\Ordering.Infrastructure.Tests\Ordering.Infrastructure.Tests.csproj", "{F13A2986-F717-44C1-8D20-18DEA6445D27}"
EndProject
Project("{9A19103F-16F7-4668-BE54-9A1E7A4F7556}") = "Ordering.Api", "src\Services\Ordering\Ordering.Api\Ordering.Api.csproj", "{F836BF30-3C98-4FD5-8D39-C4E9B8134CEB}"
EndProject
Project("{9A19103F-16F7-4668-BE54-9A1E7A4F7556}") = "Ordering.Api.Tests", "src\Services\Ordering\Ordering.Api.Tests\Ordering.Api.Tests.csproj", "{41697C1D-3E87-443F-A51F-258614E827A2}"
EndProject
Project("{2150E333-8FDC-42A3-9474-1A3956D46DE8}") = "Identity", "Identity", "{BEDC5963-1AA6-4BE9-860D-4CF04B9695A1}"
EndProject
Project("{9A19103F-16F7-4668-BE54-9A1E7A4F7556}") = "Identity.Core", "src\Services\Identity\Identity.Core\Identity.Core.csproj", "{55504D67-A09E-4CCB-AD9B-281D2B5D0797}"
EndProject
Project("{9A19103F-16F7-4668-BE54-9A1E7A4F7556}") = "Identity.Core.Tests", "src\Services\Identity\Identity.Core.Tests\Identity.Core.Tests.csproj", "{1F6EC9E9-2EA9-4B5D-B856-136CD6840613}"
EndProject
Project("{9A19103F-16F7-4668-BE54-9A1E7A4F7556}") = "Identity.Infrastructure", "src\Services\Identity\Identity.Infrastructure\Identity.Infrastructure.csproj", "{55648036-673F-4718-9558-659165BE6F71}"
EndProject
Project("{9A19103F-16F7-4668-BE54-9A1E7A4F7556}") = "Identity.Infrastructure.Tests", "src\Services\Identity\Identity.Infrastructure.Tests\Identity.Infrastructure.Tests.csproj", "{C0ABB677-335B-4A65-AAAF-F0D8B36C64DC}"
EndProject
Project("{9A19103F-16F7-4668-BE54-9A1E7A4F7556}") = "Identity.Api", "src\Services\Identity\Identity.Api\Identity.Api.csproj", "{07990CDA-AEFD-4F15-B564-A4A2D571CCDB}"
EndProject
Project("{9A19103F-16F7-4668-BE54-9A1E7A4F7556}") = "Identity.Api.Tests", "src\Services\Identity\Identity.Api.Tests\Identity.Api.Tests.csproj", "{D1EE5465-3570-44A6-89DA-3149D1517DCD}"
EndProject
Project("{2150E333-8FDC-42A3-9474-1A3956D46DE8}") = "Solution Items", "Solution Items", "{FDD6B8C0-1A88-4A58-BA44-7F7E4679D619}"
	ProjectSection(SolutionItems) = preProject
		.editorconfig = .editorconfig
		.gitignore = .gitignore
		README.md = README.md
	EndProjectSection
EndProject
Global
	GlobalSection(SolutionConfigurationPlatforms) = preSolution
		Debug|Any CPU = Debug|Any CPU
		Debug|x64 = Debug|x64
		Debug|x86 = Debug|x86
		Release|Any CPU = Release|Any CPU
		Release|x64 = Release|x64
		Release|x86 = Release|x86
	EndGlobalSection
	GlobalSection(ProjectConfigurationPlatforms) = postSolution
		{7BCCA2B7-A433-495C-832A-C598798CDF39}.Debug|Any CPU.ActiveCfg = Debug|Any CPU
		{7BCCA2B7-A433-495C-832A-C598798CDF39}.Debug|Any CPU.Build.0 = Debug|Any CPU
		{7BCCA2B7-A433-495C-832A-C598798CDF39}.Debug|x64.ActiveCfg = Debug|Any CPU
		{7BCCA2B7-A433-495C-832A-C598798CDF39}.Debug|x64.Build.0 = Debug|Any CPU
		{7BCCA2B7-A433-495C-832A-C598798CDF39}.Debug|x86.ActiveCfg = Debug|Any CPU
		{7BCCA2B7-A433-495C-832A-C598798CDF39}.Debug|x86.Build.0 = Debug|Any CPU
		{7BCCA2B7-A433-495C-832A-C598798CDF39}.Release|Any CPU.ActiveCfg = Release|Any CPU
		{7BCCA2B7-A433-495C-832A-C598798CDF39}.Release|Any CPU.Build.0 = Release|Any CPU
		{7BCCA2B7-A433-495C-832A-C598798CDF39}.Release|x64.ActiveCfg = Release|Any CPU
		{7BCCA2B7-A433-495C-832A-C598798CDF39}.Release|x64.Build.0 = Release|Any CPU
		{7BCCA2B7-A433-495C-832A-C598798CDF39}.Release|x86.ActiveCfg = Release|Any CPU
		{7BCCA2B7-A433-495C-832A-C598798CDF39}.Release|x86.Build.0 = Release|Any CPU
		{0EE1F610-2C95-433C-8A38-E050E2A6C67B}.Debug|Any CPU.ActiveCfg = Debug|Any CPU
		{0EE1F610-2C95-433C-8A38-E050E2A6C67B}.Debug|Any CPU.Build.0 = Debug|Any CPU
		{0EE1F610-2C95-433C-8A38-E050E2A6C67B}.Debug|x64.ActiveCfg = Debug|Any CPU
		{0EE1F610-2C95-433C-8A38-E050E2A6C67B}.Debug|x64.Build.0 = Debug|Any CPU
		{0EE1F610-2C95-433C-8A38-E050E2A6C67B}.Debug|x86.ActiveCfg = Debug|Any CPU
		{0EE1F610-2C95-433C-8A38-E050E2A6C67B}.Debug|x86.Build.0 = Debug|Any CPU
		{0EE1F610-2C95-433C-8A38-E050E2A6C67B}.Release|Any CPU.ActiveCfg = Release|Any CPU
		{0EE1F610-2C95-433C-8A38-E050E2A6C67B}.Release|Any CPU.Build.0 = Release|Any CPU
		{0EE1F610-2C95-433C-8A38-E050E2A6C67B}.Release|x64.ActiveCfg = Release|Any CPU
		{0EE1F610-2C95-433C-8A38-E050E2A6C67B}.Release|x64.Build.0 = Release|Any CPU
		{0EE1F610-2C95-433C-8A38-E050E2A6C67B}.Release|x86.ActiveCfg = Release|Any CPU
		{0EE1F610-2C95-433C-8A38-E050E2A6C67B}.Release|x86.Build.0 = Release|Any CPU
		{E933AFD2-BA67-4552-8D2E-A0F4D0FD1D90}.Debug|Any CPU.ActiveCfg = Debug|Any CPU
		{E933AFD2-BA67-4552-8D2E-A0F4D0FD1D90}.Debug|Any CPU.Build.0 = Debug|Any CPU
		{E933AFD2-BA67-4552-8D2E-A0F4D0FD1D90}.Debug|x64.ActiveCfg = Debug|Any CPU
		{E933AFD2-BA67-4552-8D2E-A0F4D0FD1D90}.Debug|x64.Build.0 = Debug|Any CPU
		{E933AFD2-BA67-4552-8D2E-A0F4D0FD1D90}.Debug|x86.ActiveCfg = Debug|Any CPU
		{E933AFD2-BA67-4552-8D2E-A0F4D0FD1D90}.Debug|x86.Build.0 = Debug|Any CPU
		{E933AFD2-BA67-4552-8D2E-A0F4D0FD1D90}.Release|Any CPU.ActiveCfg = Release|Any CPU
		{E933AFD2-BA67-4552-8D2E-A0F4D0FD1D90}.Release|Any CPU.Build.0 = Release|Any CPU
		{E933AFD2-BA67-4552-8D2E-A0F4D0FD1D90}.Release|x64.ActiveCfg = Release|Any CPU
		{E933AFD2-BA67-4552-8D2E-A0F4D0FD1D90}.Release|x64.Build.0 = Release|Any CPU
		{E933AFD2-BA67-4552-8D2E-A0F4D0FD1D90}.Release|x86.ActiveCfg = Release|Any CPU
		{E933AFD2-BA67-4552-8D2E-A0F4D0FD1D90}.Release|x86.Build.0 = Release|Any CPU
		{4C173D0C-201A-453C-B2B4-C153CE45B0A2}.Debug|Any CPU.ActiveCfg = Debug|Any CPU
		{4C173D0C-201A-453C-B2B4-C153CE45B0A2}.Debug|Any CPU.Build.0 = Debug|Any CPU
		{4C173D0C-201A-453C-B2B4-C153CE45B0A2}.Debug|x64.ActiveCfg = Debug|Any CPU
		{4C173D0C-201A-453C-B2B4-C153CE45B0A2}.Debug|x64.Build.0 = Debug|Any CPU
		{4C173D0C-201A-453C-B2B4-C153CE45B0A2}.Debug|x86.ActiveCfg = Debug|Any CPU
		{4C173D0C-201A-453C-B2B4-C153CE45B0A2}.Debug|x86.Build.0 = Debug|Any CPU
		{4C173D0C-201A-453C-B2B4-C153CE45B0A2}.Release|Any CPU.ActiveCfg = Release|Any CPU
		{4C173D0C-201A-453C-B2B4-C153CE45B0A2}.Release|Any CPU.Build.0 = Release|Any CPU
		{4C173D0C-201A-453C-B2B4-C153CE45B0A2}.Release|x64.ActiveCfg = Release|Any CPU
		{4C173D0C-201A-453C-B2B4-C153CE45B0A2}.Release|x64.Build.0 = Release|Any CPU
		{4C173D0C-201A-453C-B2B4-C153CE45B0A2}.Release|x86.ActiveCfg = Release|Any CPU
		{4C173D0C-201A-453C-B2B4-C153CE45B0A2}.Release|x86.Build.0 = Release|Any CPU
		{88010817-FA8E-4D47-B46A-A835C4569116}.Debug|Any CPU.ActiveCfg = Debug|Any CPU
		{88010817-FA8E-4D47-B46A-A835C4569116}.Debug|Any CPU.Build.0 = Debug|Any CPU
		{88010817-FA8E-4D47-B46A-A835C4569116}.Debug|x64.ActiveCfg = Debug|Any CPU
		{88010817-FA8E-4D47-B46A-A835C4569116}.Debug|x64.Build.0 = Debug|Any CPU
		{88010817-FA8E-4D47-B46A-A835C4569116}.Debug|x86.ActiveCfg = Debug|Any CPU
		{88010817-FA8E-4D47-B46A-A835C4569116}.Debug|x86.Build.0 = Debug|Any CPU
		{88010817-FA8E-4D47-B46A-A835C4569116}.Release|Any CPU.ActiveCfg = Release|Any CPU
		{88010817-FA8E-4D47-B46A-A835C4569116}.Release|Any CPU.Build.0 = Release|Any CPU
		{88010817-FA8E-4D47-B46A-A835C4569116}.Release|x64.ActiveCfg = Release|Any CPU
		{88010817-FA8E-4D47-B46A-A835C4569116}.Release|x64.Build.0 = Release|Any CPU
		{88010817-FA8E-4D47-B46A-A835C4569116}.Release|x86.ActiveCfg = Release|Any CPU
		{88010817-FA8E-4D47-B46A-A835C4569116}.Release|x86.Build.0 = Release|Any CPU
		{8AFACCA6-4C53-42B4-9086-CAA9D6B426A8}.Debug|Any CPU.ActiveCfg = Debug|Any CPU
		{8AFACCA6-4C53-42B4-9086-CAA9D6B426A8}.Debug|Any CPU.Build.0 = Debug|Any CPU
		{8AFACCA6-4C53-42B4-9086-CAA9D6B426A8}.Debug|x64.ActiveCfg = Debug|Any CPU
		{8AFACCA6-4C53-42B4-9086-CAA9D6B426A8}.Debug|x64.Build.0 = Debug|Any CPU
		{8AFACCA6-4C53-42B4-9086-CAA9D6B426A8}.Debug|x86.ActiveCfg = Debug|Any CPU
		{8AFACCA6-4C53-42B4-9086-CAA9D6B426A8}.Debug|x86.Build.0 = Debug|Any CPU
		{8AFACCA6-4C53-42B4-9086-CAA9D6B426A8}.Release|Any CPU.ActiveCfg = Release|Any CPU
		{8AFACCA6-4C53-42B4-9086-CAA9D6B426A8}.Release|Any CPU.Build.0 = Release|Any CPU
		{8AFACCA6-4C53-42B4-9086-CAA9D6B426A8}.Release|x64.ActiveCfg = Release|Any CPU
		{8AFACCA6-4C53-42B4-9086-CAA9D6B426A8}.Release|x64.Build.0 = Release|Any CPU
		{8AFACCA6-4C53-42B4-9086-CAA9D6B426A8}.Release|x86.ActiveCfg = Release|Any CPU
		{8AFACCA6-4C53-42B4-9086-CAA9D6B426A8}.Release|x86.Build.0 = Release|Any CPU
		{EE833868-B377-4953-915D-B9C30A135990}.Debug|Any CPU.ActiveCfg = Debug|Any CPU
		{EE833868-B377-4953-915D-B9C30A135990}.Debug|Any CPU.Build.0 = Debug|Any CPU
		{EE833868-B377-4953-915D-B9C30A135990}.Debug|x64.ActiveCfg = Debug|Any CPU
		{EE833868-B377-4953-915D-B9C30A135990}.Debug|x64.Build.0 = Debug|Any CPU
		{EE833868-B377-4953-915D-B9C30A135990}.Debug|x86.ActiveCfg = Debug|Any CPU
		{EE833868-B377-4953-915D-B9C30A135990}.Debug|x86.Build.0 = Debug|Any CPU
		{EE833868-B377-4953-915D-B9C30A135990}.Release|Any CPU.ActiveCfg = Release|Any CPU
		{EE833868-B377-4953-915D-B9C30A135990}.Release|Any CPU.Build.0 = Release|Any CPU
		{EE833868-B377-4953-915D-B9C30A135990}.Release|x64.ActiveCfg = Release|Any CPU
		{EE833868-B377-4953-915D-B9C30A135990}.Release|x64.Build.0 = Release|Any CPU
		{EE833868-B377-4953-915D-B9C30A135990}.Release|x86.ActiveCfg = Release|Any CPU
		{EE833868-B377-4953-915D-B9C30A135990}.Release|x86.Build.0 = Release|Any CPU
		{7FB24208-D038-42D1-80AC-F72EE4F5EF1F}.Debug|Any CPU.ActiveCfg = Debug|Any CPU
		{7FB24208-D038-42D1-80AC-F72EE4F5EF1F}.Debug|Any CPU.Build.0 = Debug|Any CPU
		{7FB24208-D038-42D1-80AC-F72EE4F5EF1F}.Debug|x64.ActiveCfg = Debug|Any CPU
		{7FB24208-D038-42D1-80AC-F72EE4F5EF1F}.Debug|x64.Build.0 = Debug|Any CPU
		{7FB24208-D038-42D1-80AC-F72EE4F5EF1F}.Debug|x86.ActiveCfg = Debug|Any CPU
		{7FB24208-D038-42D1-80AC-F72EE4F5EF1F}.Debug|x86.Build.0 = Debug|Any CPU
		{7FB24208-D038-42D1-80AC-F72EE4F5EF1F}.Release|Any CPU.ActiveCfg = Release|Any CPU
		{7FB24208-D038-42D1-80AC-F72EE4F5EF1F}.Release|Any CPU.Build.0 = Release|Any CPU
		{7FB24208-D038-42D1-80AC-F72EE4F5EF1F}.Release|x64.ActiveCfg = Release|Any CPU
		{7FB24208-D038-42D1-80AC-F72EE4F5EF1F}.Release|x64.Build.0 = Release|Any CPU
		{7FB24208-D038-42D1-80AC-F72EE4F5EF1F}.Release|x86.ActiveCfg = Release|Any CPU
		{7FB24208-D038-42D1-80AC-F72EE4F5EF1F}.Release|x86.Build.0 = Release|Any CPU
		{96938BF2-D393-4A2F-A9E1-E4549243DD80}.Debug|Any CPU.ActiveCfg = Debug|Any CPU
		{96938BF2-D393-4A2F-A9E1-E4549243DD80}.Debug|Any CPU.Build.0 = Debug|Any CPU
		{96938BF2-D393-4A2F-A9E1-E4549243DD80}.Debug|x64.ActiveCfg = Debug|Any CPU
		{96938BF2-D393-4A2F-A9E1-E4549243DD80}.Debug|x64.Build.0 = Debug|Any CPU
		{96938BF2-D393-4A2F-A9E1-E4549243DD80}.Debug|x86.ActiveCfg = Debug|Any CPU
		{96938BF2-D393-4A2F-A9E1-E4549243DD80}.Debug|x86.Build.0 = Debug|Any CPU
		{96938BF2-D393-4A2F-A9E1-E4549243DD80}.Release|Any CPU.ActiveCfg = Release|Any CPU
		{96938BF2-D393-4A2F-A9E1-E4549243DD80}.Release|Any CPU.Build.0 = Release|Any CPU
		{96938BF2-D393-4A2F-A9E1-E4549243DD80}.Release|x64.ActiveCfg = Release|Any CPU
		{96938BF2-D393-4A2F-A9E1-E4549243DD80}.Release|x64.Build.0 = Release|Any CPU
		{96938BF2-D393-4A2F-A9E1-E4549243DD80}.Release|x86.ActiveCfg = Release|Any CPU
		{96938BF2-D393-4A2F-A9E1-E4549243DD80}.Release|x86.Build.0 = Release|Any CPU
		{4F470424-13B3-4C56-824C-CC8911C56D15}.Debug|Any CPU.ActiveCfg = Debug|Any CPU
		{4F470424-13B3-4C56-824C-CC8911C56D15}.Debug|Any CPU.Build.0 = Debug|Any CPU
		{4F470424-13B3-4C56-824C-CC8911C56D15}.Debug|x64.ActiveCfg = Debug|Any CPU
		{4F470424-13B3-4C56-824C-CC8911C56D15}.Debug|x64.Build.0 = Debug|Any CPU
		{4F470424-13B3-4C56-824C-CC8911C56D15}.Debug|x86.ActiveCfg = Debug|Any CPU
		{4F470424-13B3-4C56-824C-CC8911C56D15}.Debug|x86.Build.0 = Debug|Any CPU
		{4F470424-13B3-4C56-824C-CC8911C56D15}.Release|Any CPU.ActiveCfg = Release|Any CPU
		{4F470424-13B3-4C56-824C-CC8911C56D15}.Release|Any CPU.Build.0 = Release|Any CPU
		{4F470424-13B3-4C56-824C-CC8911C56D15}.Release|x64.ActiveCfg = Release|Any CPU
		{4F470424-13B3-4C56-824C-CC8911C56D15}.Release|x64.Build.0 = Release|Any CPU
		{4F470424-13B3-4C56-824C-CC8911C56D15}.Release|x86.ActiveCfg = Release|Any CPU
		{4F470424-13B3-4C56-824C-CC8911C56D15}.Release|x86.Build.0 = Release|Any CPU
		{EB03E87F-463C-4CF7-9F7E-AFFCFD88D1CF}.Debug|Any CPU.ActiveCfg = Debug|Any CPU
		{EB03E87F-463C-4CF7-9F7E-AFFCFD88D1CF}.Debug|Any CPU.Build.0 = Debug|Any CPU
		{EB03E87F-463C-4CF7-9F7E-AFFCFD88D1CF}.Debug|x64.ActiveCfg = Debug|Any CPU
		{EB03E87F-463C-4CF7-9F7E-AFFCFD88D1CF}.Debug|x64.Build.0 = Debug|Any CPU
		{EB03E87F-463C-4CF7-9F7E-AFFCFD88D1CF}.Debug|x86.ActiveCfg = Debug|Any CPU
		{EB03E87F-463C-4CF7-9F7E-AFFCFD88D1CF}.Debug|x86.Build.0 = Debug|Any CPU
		{EB03E87F-463C-4CF7-9F7E-AFFCFD88D1CF}.Release|Any CPU.ActiveCfg = Release|Any CPU
		{EB03E87F-463C-4CF7-9F7E-AFFCFD88D1CF}.Release|Any CPU.Build.0 = Release|Any CPU
		{EB03E87F-463C-4CF7-9F7E-AFFCFD88D1CF}.Release|x64.ActiveCfg = Release|Any CPU
		{EB03E87F-463C-4CF7-9F7E-AFFCFD88D1CF}.Release|x64.Build.0 = Release|Any CPU
		{EB03E87F-463C-4CF7-9F7E-AFFCFD88D1CF}.Release|x86.ActiveCfg = Release|Any CPU
		{EB03E87F-463C-4CF7-9F7E-AFFCFD88D1CF}.Release|x86.Build.0 = Release|Any CPU
		{1E176D15-EB1C-454F-984B-D96F18208C9B}.Debug|Any CPU.ActiveCfg = Debug|Any CPU
		{1E176D15-EB1C-454F-984B-D96F18208C9B}.Debug|Any CPU.Build.0 = Debug|Any CPU
		{1E176D15-EB1C-454F-984B-D96F18208C9B}.Debug|x64.ActiveCfg = Debug|Any CPU
		{1E176D15-EB1C-454F-984B-D96F18208C9B}.Debug|x64.Build.0 = Debug|Any CPU
		{1E176D15-EB1C-454F-984B-D96F18208C9B}.Debug|x86.ActiveCfg = Debug|Any CPU
		{1E176D15-EB1C-454F-984B-D96F18208C9B}.Debug|x86.Build.0 = Debug|Any CPU
		{1E176D15-EB1C-454F-984B-D96F18208C9B}.Release|Any CPU.ActiveCfg = Release|Any CPU
		{1E176D15-EB1C-454F-984B-D96F18208C9B}.Release|Any CPU.Build.0 = Release|Any CPU
		{1E176D15-EB1C-454F-984B-D96F18208C9B}.Release|x64.ActiveCfg = Release|Any CPU
		{1E176D15-EB1C-454F-984B-D96F18208C9B}.Release|x64.Build.0 = Release|Any CPU
		{1E176D15-EB1C-454F-984B-D96F18208C9B}.Release|x86.ActiveCfg = Release|Any CPU
		{1E176D15-EB1C-454F-984B-D96F18208C9B}.Release|x86.Build.0 = Release|Any CPU
		{AA8D9647-AFF1-4B34-9929-AFB29C24D7AB}.Debug|Any CPU.ActiveCfg = Debug|Any CPU
		{AA8D9647-AFF1-4B34-9929-AFB29C24D7AB}.Debug|Any CPU.Build.0 = Debug|Any CPU
		{AA8D9647-AFF1-4B34-9929-AFB29C24D7AB}.Debug|x64.ActiveCfg = Debug|Any CPU
		{AA8D9647-AFF1-4B34-9929-AFB29C24D7AB}.Debug|x64.Build.0 = Debug|Any CPU
		{AA8D9647-AFF1-4B34-9929-AFB29C24D7AB}.Debug|x86.ActiveCfg = Debug|Any CPU
		{AA8D9647-AFF1-4B34-9929-AFB29C24D7AB}.Debug|x86.Build.0 = Debug|Any CPU
		{AA8D9647-AFF1-4B34-9929-AFB29C24D7AB}.Release|Any CPU.ActiveCfg = Release|Any CPU
		{AA8D9647-AFF1-4B34-9929-AFB29C24D7AB}.Release|Any CPU.Build.0 = Release|Any CPU
		{AA8D9647-AFF1-4B34-9929-AFB29C24D7AB}.Release|x64.ActiveCfg = Release|Any CPU
		{AA8D9647-AFF1-4B34-9929-AFB29C24D7AB}.Release|x64.Build.0 = Release|Any CPU
		{AA8D9647-AFF1-4B34-9929-AFB29C24D7AB}.Release|x86.ActiveCfg = Release|Any CPU
		{AA8D9647-AFF1-4B34-9929-AFB29C24D7AB}.Release|x86.Build.0 = Release|Any CPU
		{15E4F5C8-B58E-493B-BADA-4BFBA80FABD2}.Debug|Any CPU.ActiveCfg = Debug|Any CPU
		{15E4F5C8-B58E-493B-BADA-4BFBA80FABD2}.Debug|Any CPU.Build.0 = Debug|Any CPU
		{15E4F5C8-B58E-493B-BADA-4BFBA80FABD2}.Debug|x64.ActiveCfg = Debug|Any CPU
		{15E4F5C8-B58E-493B-BADA-4BFBA80FABD2}.Debug|x64.Build.0 = Debug|Any CPU
		{15E4F5C8-B58E-493B-BADA-4BFBA80FABD2}.Debug|x86.ActiveCfg = Debug|Any CPU
		{15E4F5C8-B58E-493B-BADA-4BFBA80FABD2}.Debug|x86.Build.0 = Debug|Any CPU
		{15E4F5C8-B58E-493B-BADA-4BFBA80FABD2}.Release|Any CPU.ActiveCfg = Release|Any CPU
		{15E4F5C8-B58E-493B-BADA-4BFBA80FABD2}.Release|Any CPU.Build.0 = Release|Any CPU
		{15E4F5C8-B58E-493B-BADA-4BFBA80FABD2}.Release|x64.ActiveCfg = Release|Any CPU
		{15E4F5C8-B58E-493B-BADA-4BFBA80FABD2}.Release|x64.Build.0 = Release|Any CPU
		{15E4F5C8-B58E-493B-BADA-4BFBA80FABD2}.Release|x86.ActiveCfg = Release|Any CPU
		{15E4F5C8-B58E-493B-BADA-4BFBA80FABD2}.Release|x86.Build.0 = Release|Any CPU
		{662DF962-DCA6-403F-8736-FC266B0E150C}.Debug|Any CPU.ActiveCfg = Debug|Any CPU
		{662DF962-DCA6-403F-8736-FC266B0E150C}.Debug|Any CPU.Build.0 = Debug|Any CPU
		{662DF962-DCA6-403F-8736-FC266B0E150C}.Debug|x64.ActiveCfg = Debug|Any CPU
		{662DF962-DCA6-403F-8736-FC266B0E150C}.Debug|x64.Build.0 = Debug|Any CPU
		{662DF962-DCA6-403F-8736-FC266B0E150C}.Debug|x86.ActiveCfg = Debug|Any CPU
		{662DF962-DCA6-403F-8736-FC266B0E150C}.Debug|x86.Build.0 = Debug|Any CPU
		{662DF962-DCA6-403F-8736-FC266B0E150C}.Release|Any CPU.ActiveCfg = Release|Any CPU
		{662DF962-DCA6-403F-8736-FC266B0E150C}.Release|Any CPU.Build.0 = Release|Any CPU
		{662DF962-DCA6-403F-8736-FC266B0E150C}.Release|x64.ActiveCfg = Release|Any CPU
		{662DF962-DCA6-403F-8736-FC266B0E150C}.Release|x64.Build.0 = Release|Any CPU
		{662DF962-DCA6-403F-8736-FC266B0E150C}.Release|x86.ActiveCfg = Release|Any CPU
		{662DF962-DCA6-403F-8736-FC266B0E150C}.Release|x86.Build.0 = Release|Any CPU
		{E05E68D5-06C6-4029-A9BE-F414F0E8AD23}.Debug|Any CPU.ActiveCfg = Debug|Any CPU
		{E05E68D5-06C6-4029-A9BE-F414F0E8AD23}.Debug|Any CPU.Build.0 = Debug|Any CPU
		{E05E68D5-06C6-4029-A9BE-F414F0E8AD23}.Debug|x64.ActiveCfg = Debug|Any CPU
		{E05E68D5-06C6-4029-A9BE-F414F0E8AD23}.Debug|x64.Build.0 = Debug|Any CPU
		{E05E68D5-06C6-4029-A9BE-F414F0E8AD23}.Debug|x86.ActiveCfg = Debug|Any CPU
		{E05E68D5-06C6-4029-A9BE-F414F0E8AD23}.Debug|x86.Build.0 = Debug|Any CPU
		{E05E68D5-06C6-4029-A9BE-F414F0E8AD23}.Release|Any CPU.ActiveCfg = Release|Any CPU
		{E05E68D5-06C6-4029-A9BE-F414F0E8AD23}.Release|Any CPU.Build.0 = Release|Any CPU
		{E05E68D5-06C6-4029-A9BE-F414F0E8AD23}.Release|x64.ActiveCfg = Release|Any CPU
		{E05E68D5-06C6-4029-A9BE-F414F0E8AD23}.Release|x64.Build.0 = Release|Any CPU
		{E05E68D5-06C6-4029-A9BE-F414F0E8AD23}.Release|x86.ActiveCfg = Release|Any CPU
		{E05E68D5-06C6-4029-A9BE-F414F0E8AD23}.Release|x86.Build.0 = Release|Any CPU
		{B2F4B77A-3039-4E76-82C3-C34A9F5B12BD}.Debug|Any CPU.ActiveCfg = Debug|Any CPU
		{B2F4B77A-3039-4E76-82C3-C34A9F5B12BD}.Debug|Any CPU.Build.0 = Debug|Any CPU
		{B2F4B77A-3039-4E76-82C3-C34A9F5B12BD}.Debug|x64.ActiveCfg = Debug|Any CPU
		{B2F4B77A-3039-4E76-82C3-C34A9F5B12BD}.Debug|x64.Build.0 = Debug|Any CPU
		{B2F4B77A-3039-4E76-82C3-C34A9F5B12BD}.Debug|x86.ActiveCfg = Debug|Any CPU
		{B2F4B77A-3039-4E76-82C3-C34A9F5B12BD}.Debug|x86.Build.0 = Debug|Any CPU
		{B2F4B77A-3039-4E76-82C3-C34A9F5B12BD}.Release|Any CPU.ActiveCfg = Release|Any CPU
		{B2F4B77A-3039-4E76-82C3-C34A9F5B12BD}.Release|Any CPU.Build.0 = Release|Any CPU
		{B2F4B77A-3039-4E76-82C3-C34A9F5B12BD}.Release|x64.ActiveCfg = Release|Any CPU
		{B2F4B77A-3039-4E76-82C3-C34A9F5B12BD}.Release|x64.Build.0 = Release|Any CPU
		{B2F4B77A-3039-4E76-82C3-C34A9F5B12BD}.Release|x86.ActiveCfg = Release|Any CPU
		{B2F4B77A-3039-4E76-82C3-C34A9F5B12BD}.Release|x86.Build.0 = Release|Any CPU
		{8FD1AEF5-810E-4AE2-89BC-1CD6C9A90BB9}.Debug|Any CPU.ActiveCfg = Debug|Any CPU
		{8FD1AEF5-810E-4AE2-89BC-1CD6C9A90BB9}.Debug|Any CPU.Build.0 = Debug|Any CPU
		{8FD1AEF5-810E-4AE2-89BC-1CD6C9A90BB9}.Debug|x64.ActiveCfg = Debug|Any CPU
		{8FD1AEF5-810E-4AE2-89BC-1CD6C9A90BB9}.Debug|x64.Build.0 = Debug|Any CPU
		{8FD1AEF5-810E-4AE2-89BC-1CD6C9A90BB9}.Debug|x86.ActiveCfg = Debug|Any CPU
		{8FD1AEF5-810E-4AE2-89BC-1CD6C9A90BB9}.Debug|x86.Build.0 = Debug|Any CPU
		{8FD1AEF5-810E-4AE2-89BC-1CD6C9A90BB9}.Release|Any CPU.ActiveCfg = Release|Any CPU
		{8FD1AEF5-810E-4AE2-89BC-1CD6C9A90BB9}.Release|Any CPU.Build.0 = Release|Any CPU
		{8FD1AEF5-810E-4AE2-89BC-1CD6C9A90BB9}.Release|x64.ActiveCfg = Release|Any CPU
		{8FD1AEF5-810E-4AE2-89BC-1CD6C9A90BB9}.Release|x64.Build.0 = Release|Any CPU
		{8FD1AEF5-810E-4AE2-89BC-1CD6C9A90BB9}.Release|x86.ActiveCfg = Release|Any CPU
		{8FD1AEF5-810E-4AE2-89BC-1CD6C9A90BB9}.Release|x86.Build.0 = Release|Any CPU
		{36FB44FB-003D-4E52-8FF1-F536A7C55C92}.Debug|Any CPU.ActiveCfg = Debug|Any CPU
		{36FB44FB-003D-4E52-8FF1-F536A7C55C92}.Debug|Any CPU.Build.0 = Debug|Any CPU
		{36FB44FB-003D-4E52-8FF1-F536A7C55C92}.Debug|x64.ActiveCfg = Debug|Any CPU
		{36FB44FB-003D-4E52-8FF1-F536A7C55C92}.Debug|x64.Build.0 = Debug|Any CPU
		{36FB44FB-003D-4E52-8FF1-F536A7C55C92}.Debug|x86.ActiveCfg = Debug|Any CPU
		{36FB44FB-003D-4E52-8FF1-F536A7C55C92}.Debug|x86.Build.0 = Debug|Any CPU
		{36FB44FB-003D-4E52-8FF1-F536A7C55C92}.Release|Any CPU.ActiveCfg = Release|Any CPU
		{36FB44FB-003D-4E52-8FF1-F536A7C55C92}.Release|Any CPU.Build.0 = Release|Any CPU
		{36FB44FB-003D-4E52-8FF1-F536A7C55C92}.Release|x64.ActiveCfg = Release|Any CPU
		{36FB44FB-003D-4E52-8FF1-F536A7C55C92}.Release|x64.Build.0 = Release|Any CPU
		{36FB44FB-003D-4E52-8FF1-F536A7C55C92}.Release|x86.ActiveCfg = Release|Any CPU
		{36FB44FB-003D-4E52-8FF1-F536A7C55C92}.Release|x86.Build.0 = Release|Any CPU
		{F13A2986-F717-44C1-8D20-18DEA6445D27}.Debug|Any CPU.ActiveCfg = Debug|Any CPU
		{F13A2986-F717-44C1-8D20-18DEA6445D27}.Debug|Any CPU.Build.0 = Debug|Any CPU
		{F13A2986-F717-44C1-8D20-18DEA6445D27}.Debug|x64.ActiveCfg = Debug|Any CPU
		{F13A2986-F717-44C1-8D20-18DEA6445D27}.Debug|x64.Build.0 = Debug|Any CPU
		{F13A2986-F717-44C1-8D20-18DEA6445D27}.Debug|x86.ActiveCfg = Debug|Any CPU
		{F13A2986-F717-44C1-8D20-18DEA6445D27}.Debug|x86.Build.0 = Debug|Any CPU
		{F13A2986-F717-44C1-8D20-18DEA6445D27}.Release|Any CPU.ActiveCfg = Release|Any CPU
		{F13A2986-F717-44C1-8D20-18DEA6445D27}.Release|Any CPU.Build.0 = Release|Any CPU
		{F13A2986-F717-44C1-8D20-18DEA6445D27}.Release|x64.ActiveCfg = Release|Any CPU
		{F13A2986-F717-44C1-8D20-18DEA6445D27}.Release|x64.Build.0 = Release|Any CPU
		{F13A2986-F717-44C1-8D20-18DEA6445D27}.Release|x86.ActiveCfg = Release|Any CPU
		{F13A2986-F717-44C1-8D20-18DEA6445D27}.Release|x86.Build.0 = Release|Any CPU
		{F836BF30-3C98-4FD5-8D39-C4E9B8134CEB}.Debug|Any CPU.ActiveCfg = Debug|Any CPU
		{F836BF30-3C98-4FD5-8D39-C4E9B8134CEB}.Debug|Any CPU.Build.0 = Debug|Any CPU
		{F836BF30-3C98-4FD5-8D39-C4E9B8134CEB}.Debug|x64.ActiveCfg = Debug|Any CPU
		{F836BF30-3C98-4FD5-8D39-C4E9B8134CEB}.Debug|x64.Build.0 = Debug|Any CPU
		{F836BF30-3C98-4FD5-8D39-C4E9B8134CEB}.Debug|x86.ActiveCfg = Debug|Any CPU
		{F836BF30-3C98-4FD5-8D39-C4E9B8134CEB}.Debug|x86.Build.0 = Debug|Any CPU
		{F836BF30-3C98-4FD5-8D39-C4E9B8134CEB}.Release|Any CPU.ActiveCfg = Release|Any CPU
		{F836BF30-3C98-4FD5-8D39-C4E9B8134CEB}.Release|Any CPU.Build.0 = Release|Any CPU
		{F836BF30-3C98-4FD5-8D39-C4E9B8134CEB}.Release|x64.ActiveCfg = Release|Any CPU
		{F836BF30-3C98-4FD5-8D39-C4E9B8134CEB}.Release|x64.Build.0 = Release|Any CPU
		{F836BF30-3C98-4FD5-8D39-C4E9B8134CEB}.Release|x86.ActiveCfg = Release|Any CPU
		{F836BF30-3C98-4FD5-8D39-C4E9B8134CEB}.Release|x86.Build.0 = Release|Any CPU
		{41697C1D-3E87-443F-A51F-258614E827A2}.Debug|Any CPU.ActiveCfg = Debug|Any CPU
		{41697C1D-3E87-443F-A51F-258614E827A2}.Debug|Any CPU.Build.0 = Debug|Any CPU
		{41697C1D-3E87-443F-A51F-258614E827A2}.Debug|x64.ActiveCfg = Debug|Any CPU
		{41697C1D-3E87-443F-A51F-258614E827A2}.Debug|x64.Build.0 = Debug|Any CPU
		{41697C1D-3E87-443F-A51F-258614E827A2}.Debug|x86.ActiveCfg = Debug|Any CPU
		{41697C1D-3E87-443F-A51F-258614E827A2}.Debug|x86.Build.0 = Debug|Any CPU
		{41697C1D-3E87-443F-A51F-258614E827A2}.Release|Any CPU.ActiveCfg = Release|Any CPU
		{41697C1D-3E87-443F-A51F-258614E827A2}.Release|Any CPU.Build.0 = Release|Any CPU
		{41697C1D-3E87-443F-A51F-258614E827A2}.Release|x64.ActiveCfg = Release|Any CPU
		{41697C1D-3E87-443F-A51F-258614E827A2}.Release|x64.Build.0 = Release|Any CPU
		{41697C1D-3E87-443F-A51F-258614E827A2}.Release|x86.ActiveCfg = Release|Any CPU
		{41697C1D-3E87-443F-A51F-258614E827A2}.Release|x86.Build.0 = Release|Any CPU
		{55504D67-A09E-4CCB-AD9B-281D2B5D0797}.Debug|Any CPU.ActiveCfg = Debug|Any CPU
		{55504D67-A09E-4CCB-AD9B-281D2B5D0797}.Debug|Any CPU.Build.0 = Debug|Any CPU
		{55504D67-A09E-4CCB-AD9B-281D2B5D0797}.Debug|x64.ActiveCfg = Debug|Any CPU
		{55504D67-A09E-4CCB-AD9B-281D2B5D0797}.Debug|x64.Build.0 = Debug|Any CPU
		{55504D67-A09E-4CCB-AD9B-281D2B5D0797}.Debug|x86.ActiveCfg = Debug|Any CPU
		{55504D67-A09E-4CCB-AD9B-281D2B5D0797}.Debug|x86.Build.0 = Debug|Any CPU
		{55504D67-A09E-4CCB-AD9B-281D2B5D0797}.Release|Any CPU.ActiveCfg = Release|Any CPU
		{55504D67-A09E-4CCB-AD9B-281D2B5D0797}.Release|Any CPU.Build.0 = Release|Any CPU
		{55504D67-A09E-4CCB-AD9B-281D2B5D0797}.Release|x64.ActiveCfg = Release|Any CPU
		{55504D67-A09E-4CCB-AD9B-281D2B5D0797}.Release|x64.Build.0 = Release|Any CPU
		{55504D67-A09E-4CCB-AD9B-281D2B5D0797}.Release|x86.ActiveCfg = Release|Any CPU
		{55504D67-A09E-4CCB-AD9B-281D2B5D0797}.Release|x86.Build.0 = Release|Any CPU
		{1F6EC9E9-2EA9-4B5D-B856-136CD6840613}.Debug|Any CPU.ActiveCfg = Debug|Any CPU
		{1F6EC9E9-2EA9-4B5D-B856-136CD6840613}.Debug|Any CPU.Build.0 = Debug|Any CPU
		{1F6EC9E9-2EA9-4B5D-B856-136CD6840613}.Debug|x64.ActiveCfg = Debug|Any CPU
		{1F6EC9E9-2EA9-4B5D-B856-136CD6840613}.Debug|x64.Build.0 = Debug|Any CPU
		{1F6EC9E9-2EA9-4B5D-B856-136CD6840613}.Debug|x86.ActiveCfg = Debug|Any CPU
		{1F6EC9E9-2EA9-4B5D-B856-136CD6840613}.Debug|x86.Build.0 = Debug|Any CPU
		{1F6EC9E9-2EA9-4B5D-B856-136CD6840613}.Release|Any CPU.ActiveCfg = Release|Any CPU
		{1F6EC9E9-2EA9-4B5D-B856-136CD6840613}.Release|Any CPU.Build.0 = Release|Any CPU
		{1F6EC9E9-2EA9-4B5D-B856-136CD6840613}.Release|x64.ActiveCfg = Release|Any CPU
		{1F6EC9E9-2EA9-4B5D-B856-136CD6840613}.Release|x64.Build.0 = Release|Any CPU
		{1F6EC9E9-2EA9-4B5D-B856-136CD6840613}.Release|x86.ActiveCfg = Release|Any CPU
		{1F6EC9E9-2EA9-4B5D-B856-136CD6840613}.Release|x86.Build.0 = Release|Any CPU
		{55648036-673F-4718-9558-659165BE6F71}.Debug|Any CPU.ActiveCfg = Debug|Any CPU
		{55648036-673F-4718-9558-659165BE6F71}.Debug|Any CPU.Build.0 = Debug|Any CPU
		{55648036-673F-4718-9558-659165BE6F71}.Debug|x64.ActiveCfg = Debug|Any CPU
		{55648036-673F-4718-9558-659165BE6F71}.Debug|x64.Build.0 = Debug|Any CPU
		{55648036-673F-4718-9558-659165BE6F71}.Debug|x86.ActiveCfg = Debug|Any CPU
		{55648036-673F-4718-9558-659165BE6F71}.Debug|x86.Build.0 = Debug|Any CPU
		{55648036-673F-4718-9558-659165BE6F71}.Release|Any CPU.ActiveCfg = Release|Any CPU
		{55648036-673F-4718-9558-659165BE6F71}.Release|Any CPU.Build.0 = Release|Any CPU
		{55648036-673F-4718-9558-659165BE6F71}.Release|x64.ActiveCfg = Release|Any CPU
		{55648036-673F-4718-9558-659165BE6F71}.Release|x64.Build.0 = Release|Any CPU
		{55648036-673F-4718-9558-659165BE6F71}.Release|x86.ActiveCfg = Release|Any CPU
		{55648036-673F-4718-9558-659165BE6F71}.Release|x86.Build.0 = Release|Any CPU
		{C0ABB677-335B-4A65-AAAF-F0D8B36C64DC}.Debug|Any CPU.ActiveCfg = Debug|Any CPU
		{C0ABB677-335B-4A65-AAAF-F0D8B36C64DC}.Debug|Any CPU.Build.0 = Debug|Any CPU
		{C0ABB677-335B-4A65-AAAF-F0D8B36C64DC}.Debug|x64.ActiveCfg = Debug|Any CPU
		{C0ABB677-335B-4A65-AAAF-F0D8B36C64DC}.Debug|x64.Build.0 = Debug|Any CPU
		{C0ABB677-335B-4A65-AAAF-F0D8B36C64DC}.Debug|x86.ActiveCfg = Debug|Any CPU
		{C0ABB677-335B-4A65-AAAF-F0D8B36C64DC}.Debug|x86.Build.0 = Debug|Any CPU
		{C0ABB677-335B-4A65-AAAF-F0D8B36C64DC}.Release|Any CPU.ActiveCfg = Release|Any CPU
		{C0ABB677-335B-4A65-AAAF-F0D8B36C64DC}.Release|Any CPU.Build.0 = Release|Any CPU
		{C0ABB677-335B-4A65-AAAF-F0D8B36C64DC}.Release|x64.ActiveCfg = Release|Any CPU
		{C0ABB677-335B-4A65-AAAF-F0D8B36C64DC}.Release|x64.Build.0 = Release|Any CPU
		{C0ABB677-335B-4A65-AAAF-F0D8B36C64DC}.Release|x86.ActiveCfg = Release|Any CPU
		{C0ABB677-335B-4A65-AAAF-F0D8B36C64DC}.Release|x86.Build.0 = Release|Any CPU
		{07990CDA-AEFD-4F15-B564-A4A2D571CCDB}.Debug|Any CPU.ActiveCfg = Debug|Any CPU
		{07990CDA-AEFD-4F15-B564-A4A2D571CCDB}.Debug|Any CPU.Build.0 = Debug|Any CPU
		{07990CDA-AEFD-4F15-B564-A4A2D571CCDB}.Debug|x64.ActiveCfg = Debug|Any CPU
		{07990CDA-AEFD-4F15-B564-A4A2D571CCDB}.Debug|x64.Build.0 = Debug|Any CPU
		{07990CDA-AEFD-4F15-B564-A4A2D571CCDB}.Debug|x86.ActiveCfg = Debug|Any CPU
		{07990CDA-AEFD-4F15-B564-A4A2D571CCDB}.Debug|x86.Build.0 = Debug|Any CPU
		{07990CDA-AEFD-4F15-B564-A4A2D571CCDB}.Release|Any CPU.ActiveCfg = Release|Any CPU
		{07990CDA-AEFD-4F15-B564-A4A2D571CCDB}.Release|Any CPU.Build.0 = Release|Any CPU
		{07990CDA-AEFD-4F15-B564-A4A2D571CCDB}.Release|x64.ActiveCfg = Release|Any CPU
		{07990CDA-AEFD-4F15-B564-A4A2D571CCDB}.Release|x64.Build.0 = Release|Any CPU
		{07990CDA-AEFD-4F15-B564-A4A2D571CCDB}.Release|x86.ActiveCfg = Release|Any CPU
		{07990CDA-AEFD-4F15-B564-A4A2D571CCDB}.Release|x86.Build.0 = Release|Any CPU
		{D1EE5465-3570-44A6-89DA-3149D1517DCD}.Debug|Any CPU.ActiveCfg = Debug|Any CPU
		{D1EE5465-3570-44A6-89DA-3149D1517DCD}.Debug|Any CPU.Build.0 = Debug|Any CPU
		{D1EE5465-3570-44A6-89DA-3149D1517DCD}.Debug|x64.ActiveCfg = Debug|Any CPU
		{D1EE5465-3570-44A6-89DA-3149D1517DCD}.Debug|x64.Build.0 = Debug|Any CPU
		{D1EE5465-3570-44A6-89DA-3149D1517DCD}.Debug|x86.ActiveCfg = Debug|Any CPU
		{D1EE5465-3570-44A6-89DA-3149D1517DCD}.Debug|x86.Build.0 = Debug|Any CPU
		{D1EE5465-3570-44A6-89DA-3149D1517DCD}.Release|Any CPU.ActiveCfg = Release|Any CPU
		{D1EE5465-3570-44A6-89DA-3149D1517DCD}.Release|Any CPU.Build.0 = Release|Any CPU
		{D1EE5465-3570-44A6-89DA-3149D1517DCD}.Release|x64.ActiveCfg = Release|Any CPU
		{D1EE5465-3570-44A6-89DA-3149D1517DCD}.Release|x64.Build.0 = Release|Any CPU
		{D1EE5465-3570-44A6-89DA-3149D1517DCD}.Release|x86.ActiveCfg = Release|Any CPU
		{D1EE5465-3570-44A6-89DA-3149D1517DCD}.Release|x86.Build.0 = Release|Any CPU
	EndGlobalSection
	GlobalSection(SolutionProperties) = preSolution
		HideSolutionNode = FALSE
	EndGlobalSection
	GlobalSection(NestedProjects) = preSolution
		{7B8B7109-53C7-4F1E-8D24-21FB21D7E687} = {8E38DC94-EB9D-4ECD-A0CB-6E5A52D80A2D}
		{302CA8C7-FB7F-4A9D-B0B8-87AF97BD9ADF} = {7B8B7109-53C7-4F1E-8D24-21FB21D7E687}
		{7BCCA2B7-A433-495C-832A-C598798CDF39} = {302CA8C7-FB7F-4A9D-B0B8-87AF97BD9ADF}
		{0EE1F610-2C95-433C-8A38-E050E2A6C67B} = {302CA8C7-FB7F-4A9D-B0B8-87AF97BD9ADF}
		{E933AFD2-BA67-4552-8D2E-A0F4D0FD1D90} = {302CA8C7-FB7F-4A9D-B0B8-87AF97BD9ADF}
		{4C173D0C-201A-453C-B2B4-C153CE45B0A2} = {302CA8C7-FB7F-4A9D-B0B8-87AF97BD9ADF}
		{88010817-FA8E-4D47-B46A-A835C4569116} = {302CA8C7-FB7F-4A9D-B0B8-87AF97BD9ADF}
		{8AFACCA6-4C53-42B4-9086-CAA9D6B426A8} = {302CA8C7-FB7F-4A9D-B0B8-87AF97BD9ADF}
		{05BE94A3-CE88-4236-8806-843FE9DFF2FE} = {8E38DC94-EB9D-4ECD-A0CB-6E5A52D80A2D}
		{5F1007A2-7DEA-4422-89EA-A761CCC3954D} = {05BE94A3-CE88-4236-8806-843FE9DFF2FE}
		{EE833868-B377-4953-915D-B9C30A135990} = {5F1007A2-7DEA-4422-89EA-A761CCC3954D}
		{95A9ECC8-B5FB-4093-847B-A6D56054F778} = {7B8B7109-53C7-4F1E-8D24-21FB21D7E687}
		{7FB24208-D038-42D1-80AC-F72EE4F5EF1F} = {95A9ECC8-B5FB-4093-847B-A6D56054F778}
		{96938BF2-D393-4A2F-A9E1-E4549243DD80} = {95A9ECC8-B5FB-4093-847B-A6D56054F778}
		{4F470424-13B3-4C56-824C-CC8911C56D15} = {95A9ECC8-B5FB-4093-847B-A6D56054F778}
		{EB03E87F-463C-4CF7-9F7E-AFFCFD88D1CF} = {95A9ECC8-B5FB-4093-847B-A6D56054F778}
		{1E176D15-EB1C-454F-984B-D96F18208C9B} = {95A9ECC8-B5FB-4093-847B-A6D56054F778}
		{AA8D9647-AFF1-4B34-9929-AFB29C24D7AB} = {95A9ECC8-B5FB-4093-847B-A6D56054F778}
		{11FD9677-40DC-4883-AF8D-18B51FFDB0B5} = {8E38DC94-EB9D-4ECD-A0CB-6E5A52D80A2D}
		{B33796A0-7315-4812-8C75-9B6EFC915820} = {11FD9677-40DC-4883-AF8D-18B51FFDB0B5}
		{15E4F5C8-B58E-493B-BADA-4BFBA80FABD2} = {B33796A0-7315-4812-8C75-9B6EFC915820}
		{91094370-1F91-4BD7-AEAC-B2B7AC9C4F72} = {05BE94A3-CE88-4236-8806-843FE9DFF2FE}
		{662DF962-DCA6-403F-8736-FC266B0E150C} = {91094370-1F91-4BD7-AEAC-B2B7AC9C4F72}
		{E05E68D5-06C6-4029-A9BE-F414F0E8AD23} = {7B8B7109-53C7-4F1E-8D24-21FB21D7E687}
		{DE4E3A4D-3B0F-4C4F-B695-C40539BABDA9} = {7B8B7109-53C7-4F1E-8D24-21FB21D7E687}
		{B2F4B77A-3039-4E76-82C3-C34A9F5B12BD} = {DE4E3A4D-3B0F-4C4F-B695-C40539BABDA9}
		{8FD1AEF5-810E-4AE2-89BC-1CD6C9A90BB9} = {DE4E3A4D-3B0F-4C4F-B695-C40539BABDA9}
		{36FB44FB-003D-4E52-8FF1-F536A7C55C92} = {DE4E3A4D-3B0F-4C4F-B695-C40539BABDA9}
		{F13A2986-F717-44C1-8D20-18DEA6445D27} = {DE4E3A4D-3B0F-4C4F-B695-C40539BABDA9}
		{F836BF30-3C98-4FD5-8D39-C4E9B8134CEB} = {DE4E3A4D-3B0F-4C4F-B695-C40539BABDA9}
		{41697C1D-3E87-443F-A51F-258614E827A2} = {DE4E3A4D-3B0F-4C4F-B695-C40539BABDA9}
		{BEDC5963-1AA6-4BE9-860D-4CF04B9695A1} = {7B8B7109-53C7-4F1E-8D24-21FB21D7E687}
		{55504D67-A09E-4CCB-AD9B-281D2B5D0797} = {BEDC5963-1AA6-4BE9-860D-4CF04B9695A1}
		{1F6EC9E9-2EA9-4B5D-B856-136CD6840613} = {BEDC5963-1AA6-4BE9-860D-4CF04B9695A1}
		{55648036-673F-4718-9558-659165BE6F71} = {BEDC5963-1AA6-4BE9-860D-4CF04B9695A1}
		{C0ABB677-335B-4A65-AAAF-F0D8B36C64DC} = {BEDC5963-1AA6-4BE9-860D-4CF04B9695A1}
		{07990CDA-AEFD-4F15-B564-A4A2D571CCDB} = {BEDC5963-1AA6-4BE9-860D-4CF04B9695A1}
		{D1EE5465-3570-44A6-89DA-3149D1517DCD} = {BEDC5963-1AA6-4BE9-860D-4CF04B9695A1}
	EndGlobalSection
	GlobalSection(ExtensibilityGlobals) = postSolution
		SolutionGuid = {3E2F211F-A115-43B0-AF4C-8B10A4980627}
	EndGlobalSection
EndGlobal
